// !$*UTF8*$!
{
	archiveVersion = 1;
	classes = {
	};
	objectVersion = 46;
	objects = {

/* Begin PBXBuildFile section */
		0A11048D15A221C4002D4831 /* UIKit.framework in Frameworks */ = {isa = PBXBuildFile; fileRef = 0A11048C15A221C4002D4831 /* UIKit.framework */; };
		0A11048F15A221C4002D4831 /* Foundation.framework in Frameworks */ = {isa = PBXBuildFile; fileRef = 0A11048E15A221C4002D4831 /* Foundation.framework */; };
		0A11049115A221C4002D4831 /* CoreGraphics.framework in Frameworks */ = {isa = PBXBuildFile; fileRef = 0A11049015A221C4002D4831 /* CoreGraphics.framework */; };
		0A11049715A221C4002D4831 /* InfoPlist.strings in Resources */ = {isa = PBXBuildFile; fileRef = 0A11049515A221C4002D4831 /* InfoPlist.strings */; };
		0A11049915A221C4002D4831 /* main.m in Sources */ = {isa = PBXBuildFile; fileRef = 0A11049815A221C4002D4831 /* main.m */; };
		0A11049D15A221C4002D4831 /* AppDelegate.m in Sources */ = {isa = PBXBuildFile; fileRef = 0A11049C15A221C4002D4831 /* AppDelegate.m */; };
		0A1104A015A221C4002D4831 /* MainStoryboard.storyboard in Resources */ = {isa = PBXBuildFile; fileRef = 0A11049E15A221C4002D4831 /* MainStoryboard.storyboard */; };
		0A1104A615A221C4002D4831 /* MainViewController.m in Sources */ = {isa = PBXBuildFile; fileRef = 0A1104A515A221C4002D4831 /* MainViewController.m */; };
		0AA08A3215A784F6007150E1 /* mean530.jpeg in Resources */ = {isa = PBXBuildFile; fileRef = 0AA08A2F15A784F6007150E1 /* mean530.jpeg */; };
		0AA08A3315A784F6007150E1 /* over530.jpeg in Resources */ = {isa = PBXBuildFile; fileRef = 0AA08A3015A784F6007150E1 /* over530.jpeg */; };
		0AA08A3415A784F6007150E1 /* under530.jpeg in Resources */ = {isa = PBXBuildFile; fileRef = 0AA08A3115A784F6007150E1 /* under530.jpeg */; };
		0AAFF7CF15A237F1001CF21B /* SettingsViewController.m in Sources */ = {isa = PBXBuildFile; fileRef = 0AAFF7CE15A237F1001CF21B /* SettingsViewController.m */; };
		0AAFF7D315A23A2B001CF21B /* ResultsViewController.m in Sources */ = {isa = PBXBuildFile; fileRef = 0AAFF7D215A23A2B001CF21B /* ResultsViewController.m */; };
		0AAFF7D615A243F2001CF21B /* HDRToneMapper.m in Sources */ = {isa = PBXBuildFile; fileRef = 0AAFF7D515A243F2001CF21B /* HDRToneMapper.m */; };
		0AB7545915A235A6004F1975 /* IMG_1453.jpg in Resources */ = {isa = PBXBuildFile; fileRef = 0AB7545615A235A6004F1975 /* IMG_1453.jpg */; };
		0AB7545A15A235A6004F1975 /* IMG_1454.jpg in Resources */ = {isa = PBXBuildFile; fileRef = 0AB7545715A235A6004F1975 /* IMG_1454.jpg */; };
		0AB7545B15A235A6004F1975 /* IMG_1455.jpg in Resources */ = {isa = PBXBuildFile; fileRef = 0AB7545815A235A6004F1975 /* IMG_1455.jpg */; };
/* End PBXBuildFile section */

/* Begin PBXFileReference section */
		0A11048815A221C4002D4831 /* ToneMapping.app */ = {isa = PBXFileReference; explicitFileType = wrapper.application; includeInIndex = 0; path = ToneMapping.app; sourceTree = BUILT_PRODUCTS_DIR; };
		0A11048C15A221C4002D4831 /* UIKit.framework */ = {isa = PBXFileReference; lastKnownFileType = wrapper.framework; name = UIKit.framework; path = System/Library/Frameworks/UIKit.framework; sourceTree = SDKROOT; };
		0A11048E15A221C4002D4831 /* Foundation.framework */ = {isa = PBXFileReference; lastKnownFileType = wrapper.framework; name = Foundation.framework; path = System/Library/Frameworks/Foundation.framework; sourceTree = SDKROOT; };
		0A11049015A221C4002D4831 /* CoreGraphics.framework */ = {isa = PBXFileReference; lastKnownFileType = wrapper.framework; name = CoreGraphics.framework; path = System/Library/Frameworks/CoreGraphics.framework; sourceTree = SDKROOT; };
		0A11049415A221C4002D4831 /* ToneMapping-Info.plist */ = {isa = PBXFileReference; lastKnownFileType = text.plist.xml; path = "ToneMapping-Info.plist"; sourceTree = "<group>"; };
		0A11049615A221C4002D4831 /* en */ = {isa = PBXFileReference; lastKnownFileType = text.plist.strings; name = en; path = en.lproj/InfoPlist.strings; sourceTree = "<group>"; };
		0A11049815A221C4002D4831 /* main.m */ = {isa = PBXFileReference; lastKnownFileType = sourcecode.c.objc; path = main.m; sourceTree = "<group>"; };
		0A11049A15A221C4002D4831 /* ToneMapping-Prefix.pch */ = {isa = PBXFileReference; lastKnownFileType = sourcecode.c.h; path = "ToneMapping-Prefix.pch"; sourceTree = "<group>"; };
		0A11049B15A221C4002D4831 /* AppDelegate.h */ = {isa = PBXFileReference; lastKnownFileType = sourcecode.c.h; path = AppDelegate.h; sourceTree = "<group>"; };
		0A11049C15A221C4002D4831 /* AppDelegate.m */ = {isa = PBXFileReference; lastKnownFileType = sourcecode.c.objc; path = AppDelegate.m; sourceTree = "<group>"; };
		0A11049F15A221C4002D4831 /* en */ = {isa = PBXFileReference; lastKnownFileType = file.storyboard; name = en; path = en.lproj/MainStoryboard.storyboard; sourceTree = "<group>"; };
		0A1104A415A221C4002D4831 /* MainViewController.h */ = {isa = PBXFileReference; lastKnownFileType = sourcecode.c.h; path = MainViewController.h; sourceTree = "<group>"; };
		0A1104A515A221C4002D4831 /* MainViewController.m */ = {isa = PBXFileReference; lastKnownFileType = sourcecode.c.objc; path = MainViewController.m; sourceTree = "<group>"; };
		0AA08A2F15A784F6007150E1 /* mean530.jpeg */ = {isa = PBXFileReference; lastKnownFileType = image.jpeg; path = mean530.jpeg; sourceTree = "<group>"; };
		0AA08A3015A784F6007150E1 /* over530.jpeg */ = {isa = PBXFileReference; lastKnownFileType = image.jpeg; path = over530.jpeg; sourceTree = "<group>"; };
		0AA08A3115A784F6007150E1 /* under530.jpeg */ = {isa = PBXFileReference; lastKnownFileType = image.jpeg; path = under530.jpeg; sourceTree = "<group>"; };
		0AAFF7CD15A237F1001CF21B /* SettingsViewController.h */ = {isa = PBXFileReference; fileEncoding = 4; lastKnownFileType = sourcecode.c.h; path = SettingsViewController.h; sourceTree = "<group>"; };
		0AAFF7CE15A237F1001CF21B /* SettingsViewController.m */ = {isa = PBXFileReference; fileEncoding = 4; lastKnownFileType = sourcecode.c.objc; path = SettingsViewController.m; sourceTree = "<group>"; };
		0AAFF7D115A23A2B001CF21B /* ResultsViewController.h */ = {isa = PBXFileReference; fileEncoding = 4; lastKnownFileType = sourcecode.c.h; path = ResultsViewController.h; sourceTree = "<group>"; };
		0AAFF7D215A23A2B001CF21B /* ResultsViewController.m */ = {isa = PBXFileReference; fileEncoding = 4; lastKnownFileType = sourcecode.c.objc; path = ResultsViewController.m; sourceTree = "<group>"; };
		0AAFF7D415A243F1001CF21B /* HDRToneMapper.h */ = {isa = PBXFileReference; fileEncoding = 4; lastKnownFileType = sourcecode.c.h; path = HDRToneMapper.h; sourceTree = "<group>"; };
		0AAFF7D515A243F2001CF21B /* HDRToneMapper.m */ = {isa = PBXFileReference; fileEncoding = 4; lastKnownFileType = sourcecode.c.objc; path = HDRToneMapper.m; sourceTree = "<group>"; };
		0AB7545615A235A6004F1975 /* IMG_1453.jpg */ = {isa = PBXFileReference; lastKnownFileType = image.jpeg; path = IMG_1453.jpg; sourceTree = "<group>"; };
		0AB7545715A235A6004F1975 /* IMG_1454.jpg */ = {isa = PBXFileReference; lastKnownFileType = image.jpeg; path = IMG_1454.jpg; sourceTree = "<group>"; };
		0AB7545815A235A6004F1975 /* IMG_1455.jpg */ = {isa = PBXFileReference; lastKnownFileType = image.jpeg; path = IMG_1455.jpg; sourceTree = "<group>"; };
/* End PBXFileReference section */

/* Begin PBXFrameworksBuildPhase section */
		0A11048515A221C4002D4831 /* Frameworks */ = {
			isa = PBXFrameworksBuildPhase;
			buildActionMask = 2147483647;
			files = (
				0A11048D15A221C4002D4831 /* UIKit.framework in Frameworks */,
				0A11048F15A221C4002D4831 /* Foundation.framework in Frameworks */,
				0A11049115A221C4002D4831 /* CoreGraphics.framework in Frameworks */,
			);
			runOnlyForDeploymentPostprocessing = 0;
		};
/* End PBXFrameworksBuildPhase section */

/* Begin PBXGroup section */
		0A11047D15A221C4002D4831 = {
			isa = PBXGroup;
			children = (
				0A11049215A221C4002D4831 /* ToneMapping */,
				0A11048B15A221C4002D4831 /* Frameworks */,
				0A11048915A221C4002D4831 /* Products */,
			);
			sourceTree = "<group>";
		};
		0A11048915A221C4002D4831 /* Products */ = {
			isa = PBXGroup;
			children = (
				0A11048815A221C4002D4831 /* ToneMapping.app */,
			);
			name = Products;
			sourceTree = "<group>";
		};
		0A11048B15A221C4002D4831 /* Frameworks */ = {
			isa = PBXGroup;
			children = (
				0A11048C15A221C4002D4831 /* UIKit.framework */,
				0A11048E15A221C4002D4831 /* Foundation.framework */,
				0A11049015A221C4002D4831 /* CoreGraphics.framework */,
			);
			name = Frameworks;
			sourceTree = "<group>";
		};
		0A11049215A221C4002D4831 /* ToneMapping */ = {
			isa = PBXGroup;
			children = (
				0AA08A2E15A784F6007150E1 /* photomatixSet */,
				0AB7545515A235A6004F1975 /* hdrSet */,
				0A11049B15A221C4002D4831 /* AppDelegate.h */,
				0A11049C15A221C4002D4831 /* AppDelegate.m */,
				0A11049E15A221C4002D4831 /* MainStoryboard.storyboard */,
				0A1104A415A221C4002D4831 /* MainViewController.h */,
				0A1104A515A221C4002D4831 /* MainViewController.m */,
				0A11049315A221C4002D4831 /* Supporting Files */,
				0AAFF7CD15A237F1001CF21B /* SettingsViewController.h */,
				0AAFF7CE15A237F1001CF21B /* SettingsViewController.m */,
				0AAFF7D115A23A2B001CF21B /* ResultsViewController.h */,
				0AAFF7D215A23A2B001CF21B /* ResultsViewController.m */,
				0AAFF7D415A243F1001CF21B /* HDRToneMapper.h */,
				0AAFF7D515A243F2001CF21B /* HDRToneMapper.m */,
			);
			path = ToneMapping;
			sourceTree = "<group>";
		};
		0A11049315A221C4002D4831 /* Supporting Files */ = {
			isa = PBXGroup;
			children = (
				0A11049415A221C4002D4831 /* ToneMapping-Info.plist */,
				0A11049515A221C4002D4831 /* InfoPlist.strings */,
				0A11049815A221C4002D4831 /* main.m */,
				0A11049A15A221C4002D4831 /* ToneMapping-Prefix.pch */,
			);
			name = "Supporting Files";
			sourceTree = "<group>";
		};
		0AA08A2E15A784F6007150E1 /* photomatixSet */ = {
			isa = PBXGroup;
			children = (
				0AA08A2F15A784F6007150E1 /* mean530.jpeg */,
				0AA08A3015A784F6007150E1 /* over530.jpeg */,
				0AA08A3115A784F6007150E1 /* under530.jpeg */,
			);
			path = photomatixSet;
			sourceTree = "<group>";
		};
		0AB7545515A235A6004F1975 /* hdrSet */ = {
			isa = PBXGroup;
			children = (
				0AB7545615A235A6004F1975 /* IMG_1453.jpg */,
				0AB7545715A235A6004F1975 /* IMG_1454.jpg */,
				0AB7545815A235A6004F1975 /* IMG_1455.jpg */,
			);
			path = hdrSet;
			sourceTree = "<group>";
		};
/* End PBXGroup section */

/* Begin PBXNativeTarget section */
		0A11048715A221C4002D4831 /* ToneMapping */ = {
			isa = PBXNativeTarget;
			buildConfigurationList = 0A1104A915A221C4002D4831 /* Build configuration list for PBXNativeTarget "ToneMapping" */;
			buildPhases = (
				0A11048415A221C4002D4831 /* Sources */,
				0A11048515A221C4002D4831 /* Frameworks */,
				0A11048615A221C4002D4831 /* Resources */,
			);
			buildRules = (
			);
			dependencies = (
			);
			name = ToneMapping;
			productName = ToneMapping;
			productReference = 0A11048815A221C4002D4831 /* ToneMapping.app */;
			productType = "com.apple.product-type.application";
		};
/* End PBXNativeTarget section */

/* Begin PBXProject section */
		0A11047F15A221C4002D4831 /* Project object */ = {
			isa = PBXProject;
			attributes = {
				LastUpgradeCheck = 0430;
			};
			buildConfigurationList = 0A11048215A221C4002D4831 /* Build configuration list for PBXProject "ToneMapping" */;
			compatibilityVersion = "Xcode 3.2";
			developmentRegion = English;
			hasScannedForEncodings = 0;
			knownRegions = (
				en,
			);
			mainGroup = 0A11047D15A221C4002D4831;
			productRefGroup = 0A11048915A221C4002D4831 /* Products */;
			projectDirPath = "";
			projectRoot = "";
			targets = (
				0A11048715A221C4002D4831 /* ToneMapping */,
			);
		};
/* End PBXProject section */

/* Begin PBXResourcesBuildPhase section */
		0A11048615A221C4002D4831 /* Resources */ = {
			isa = PBXResourcesBuildPhase;
			buildActionMask = 2147483647;
			files = (
				0A11049715A221C4002D4831 /* InfoPlist.strings in Resources */,
				0A1104A015A221C4002D4831 /* MainStoryboard.storyboard in Resources */,
				0AB7545915A235A6004F1975 /* IMG_1453.jpg in Resources */,
				0AB7545A15A235A6004F1975 /* IMG_1454.jpg in Resources */,
				0AB7545B15A235A6004F1975 /* IMG_1455.jpg in Resources */,
				0AA08A3215A784F6007150E1 /* mean530.jpeg in Resources */,
				0AA08A3315A784F6007150E1 /* over530.jpeg in Resources */,
				0AA08A3415A784F6007150E1 /* under530.jpeg in Resources */,
			);
			runOnlyForDeploymentPostprocessing = 0;
		};
/* End PBXResourcesBuildPhase section */

/* Begin PBXSourcesBuildPhase section */
		0A11048415A221C4002D4831 /* Sources */ = {
			isa = PBXSourcesBuildPhase;
			buildActionMask = 2147483647;
			files = (
				0A11049915A221C4002D4831 /* main.m in Sources */,
				0A11049D15A221C4002D4831 /* AppDelegate.m in Sources */,
				0A1104A615A221C4002D4831 /* MainViewController.m in Sources */,
				0AAFF7CF15A237F1001CF21B /* SettingsViewController.m in Sources */,
				0AAFF7D315A23A2B001CF21B /* ResultsViewController.m in Sources */,
				0AAFF7D615A243F2001CF21B /* HDRToneMapper.m in Sources */,
			);
			runOnlyForDeploymentPostprocessing = 0;
		};
/* End PBXSourcesBuildPhase section */

/* Begin PBXVariantGroup section */
		0A11049515A221C4002D4831 /* InfoPlist.strings */ = {
			isa = PBXVariantGroup;
			children = (
				0A11049615A221C4002D4831 /* en */,
			);
			name = InfoPlist.strings;
			sourceTree = "<group>";
		};
		0A11049E15A221C4002D4831 /* MainStoryboard.storyboard */ = {
			isa = PBXVariantGroup;
			children = (
				0A11049F15A221C4002D4831 /* en */,
			);
			name = MainStoryboard.storyboard;
			sourceTree = "<group>";
		};
/* End PBXVariantGroup section */

/* Begin XCBuildConfiguration section */
		0A1104A715A221C4002D4831 /* Debug */ = {
			isa = XCBuildConfiguration;
			buildSettings = {
				ALWAYS_SEARCH_USER_PATHS = NO;
				ARCHS = "$(ARCHS_STANDARD_32_BIT)";
				CLANG_ENABLE_OBJC_ARC = YES;
				"CODE_SIGN_IDENTITY[sdk=iphoneos*]" = "iPhone Developer";
				COPY_PHASE_STRIP = NO;
				GCC_C_LANGUAGE_STANDARD = gnu99;
				GCC_DYNAMIC_NO_PIC = NO;
				GCC_OPTIMIZATION_LEVEL = 0;
				GCC_PREPROCESSOR_DEFINITIONS = (
					"DEBUG=1",
					"$(inherited)",
				);
				GCC_SYMBOLS_PRIVATE_EXTERN = NO;
				GCC_VERSION = com.apple.compilers.llvm.clang.1_0;
				GCC_WARN_ABOUT_RETURN_TYPE = YES;
				GCC_WARN_UNINITIALIZED_AUTOS = YES;
				GCC_WARN_UNUSED_VARIABLE = YES;
				IPHONEOS_DEPLOYMENT_TARGET = 5.1;
				SDKROOT = iphoneos;
			};
			name = Debug;
		};
		0A1104A815A221C4002D4831 /* Release */ = {
			isa = XCBuildConfiguration;
			buildSettings = {
				ALWAYS_SEARCH_USER_PATHS = NO;
				ARCHS = "$(ARCHS_STANDARD_32_BIT)";
				CLANG_ENABLE_OBJC_ARC = YES;
				"CODE_SIGN_IDENTITY[sdk=iphoneos*]" = "iPhone Developer";
				COPY_PHASE_STRIP = YES;
				GCC_C_LANGUAGE_STANDARD = gnu99;
				GCC_VERSION = com.apple.compilers.llvm.clang.1_0;
				GCC_WARN_ABOUT_RETURN_TYPE = YES;
				GCC_WARN_UNINITIALIZED_AUTOS = YES;
				GCC_WARN_UNUSED_VARIABLE = YES;
				IPHONEOS_DEPLOYMENT_TARGET = 5.1;
				OTHER_CFLAGS = "-DNS_BLOCK_ASSERTIONS=1";
				SDKROOT = iphoneos;
				VALIDATE_PRODUCT = YES;
			};
			name = Release;
		};
		0A1104AA15A221C4002D4831 /* Debug */ = {
			isa = XCBuildConfiguration;
			buildSettings = {
				GCC_PRECOMPILE_PREFIX_HEADER = YES;
				GCC_PREFIX_HEADER = "ToneMapping/ToneMapping-Prefix.pch";
				INFOPLIST_FILE = "ToneMapping/ToneMapping-Info.plist";
				PRODUCT_NAME = "$(TARGET_NAME)";
				WRAPPER_EXTENSION = app;
			};
			name = Debug;
		};
		0A1104AB15A221C4002D4831 /* Release */ = {
			isa = XCBuildConfiguration;
			buildSettings = {
				GCC_PRECOMPILE_PREFIX_HEADER = YES;
				GCC_PREFIX_HEADER = "ToneMapping/ToneMapping-Prefix.pch";
				INFOPLIST_FILE = "ToneMapping/ToneMapping-Info.plist";
				PRODUCT_NAME = "$(TARGET_NAME)";
				WRAPPER_EXTENSION = app;
			};
			name = Release;
		};
/* End XCBuildConfiguration section */

/* Begin XCConfigurationList section */
		0A11048215A221C4002D4831 /* Build configuration list for PBXProject "ToneMapping" */ = {
			isa = XCConfigurationList;
			buildConfigurations = (
				0A1104A715A221C4002D4831 /* Debug */,
				0A1104A815A221C4002D4831 /* Release */,
			);
			defaultConfigurationIsVisible = 0;
			defaultConfigurationName = Release;
		};
		0A1104A915A221C4002D4831 /* Build configuration list for PBXNativeTarget "ToneMapping" */ = {
			isa = XCConfigurationList;
			buildConfigurations = (
				0A1104AA15A221C4002D4831 /* Debug */,
				0A1104AB15A221C4002D4831 /* Release */,
			);
			defaultConfigurationIsVisible = 0;
			defaultConfigurationName = Release;
		};
/* End XCConfigurationList section */
	};
	rootObject = 0A11047F15A221C4002D4831 /* Project object */;
}
