// !$*UTF8*$!
{
	archiveVersion = 1;
	classes = {
	};
	objectVersion = 46;
	objects = {

/* Begin PBXBuildFile section */
		0A01660615700EE2000D4E28 /* icon-appstore-512x512.png in Resources */ = {isa = PBXBuildFile; fileRef = 0A0165DE15700EE2000D4E28 /* icon-appstore-512x512.png */; };
		0A01660715700EE2000D4E28 /* Icon.png in Resources */ = {isa = PBXBuildFile; fileRef = 0A0165DF15700EE2000D4E28 /* Icon.png */; };
		0A01660815700EE2000D4E28 /* Icon@2x.png in Resources */ = {isa = PBXBuildFile; fileRef = 0A0165E015700EE2000D4E28 /* Icon@2x.png */; };
		0A01660915700EE2000D4E28 /* baseShutterButton.png in Resources */ = {isa = PBXBuildFile; fileRef = 0A0165E215700EE2000D4E28 /* baseShutterButton.png */; };
		0A01660A15700EE2000D4E28 /* bulbRampingButton.png in Resources */ = {isa = PBXBuildFile; fileRef = 0A0165E315700EE2000D4E28 /* bulbRampingButton.png */; };
		0A01660B15700EE2000D4E28 /* buyButton.png in Resources */ = {isa = PBXBuildFile; fileRef = 0A0165E415700EE2000D4E28 /* buyButton.png */; };
		0A01660C15700EE2000D4E28 /* durationSetterButton.png in Resources */ = {isa = PBXBuildFile; fileRef = 0A0165E515700EE2000D4E28 /* durationSetterButton.png */; };
		0A01660D15700EE2000D4E28 /* endShutterButton.png in Resources */ = {isa = PBXBuildFile; fileRef = 0A0165E615700EE2000D4E28 /* endShutterButton.png */; };
		0A01660E15700EE2000D4E28 /* exposureIntervalButton.png in Resources */ = {isa = PBXBuildFile; fileRef = 0A0165E715700EE2000D4E28 /* exposureIntervalButton.png */; };
		0A01660F15700EE2000D4E28 /* fireButton.png in Resources */ = {isa = PBXBuildFile; fileRef = 0A0165E815700EE2000D4E28 /* fireButton.png */; };
		0A01661015700EE2000D4E28 /* greenButton.png in Resources */ = {isa = PBXBuildFile; fileRef = 0A0165E915700EE2000D4E28 /* greenButton.png */; };
		0A01661115700EE2000D4E28 /* hdrButton.png in Resources */ = {isa = PBXBuildFile; fileRef = 0A0165EA15700EE2000D4E28 /* hdrButton.png */; };
		0A01661215700EE2000D4E28 /* intervalSetterButton.png in Resources */ = {isa = PBXBuildFile; fileRef = 0A0165EB15700EE2000D4E28 /* intervalSetterButton.png */; };
		0A01661415700EE2000D4E28 /* numberOfShotsButton.png in Resources */ = {isa = PBXBuildFile; fileRef = 0A0165ED15700EE2000D4E28 /* numberOfShotsButton.png */; };
		0A01661515700EE2000D4E28 /* redButton.png in Resources */ = {isa = PBXBuildFile; fileRef = 0A0165EE15700EE2000D4E28 /* redButton.png */; };
		0A01661615700EE2000D4E28 /* shutterLengthButton.png in Resources */ = {isa = PBXBuildFile; fileRef = 0A0165EF15700EE2000D4E28 /* shutterLengthButton.png */; };
		0A01661715700EE2000D4E28 /* startShutterButton.png in Resources */ = {isa = PBXBuildFile; fileRef = 0A0165F015700EE2000D4E28 /* startShutterButton.png */; };
		0A01661A15700EE2000D4E28 /* circle.png in Resources */ = {isa = PBXBuildFile; fileRef = 0A0165F415700EE2000D4E28 /* circle.png */; };
		0A01661B15700EE2000D4E28 /* circle@2x.png in Resources */ = {isa = PBXBuildFile; fileRef = 0A0165F515700EE2000D4E28 /* circle@2x.png */; };
		0A01661C15700EE2000D4E28 /* infoIcon.png in Resources */ = {isa = PBXBuildFile; fileRef = 0A0165F615700EE2000D4E28 /* infoIcon.png */; };
		0A01661D15700EE2000D4E28 /* infoIcon@2x.png in Resources */ = {isa = PBXBuildFile; fileRef = 0A0165F715700EE2000D4E28 /* infoIcon@2x.png */; };
		0A01661E15700EE2000D4E28 /* timeLapseIcon.png in Resources */ = {isa = PBXBuildFile; fileRef = 0A0165F815700EE2000D4E28 /* timeLapseIcon.png */; };
		0A01661F15700EE2000D4E28 /* timeLapseIcon@2x.png in Resources */ = {isa = PBXBuildFile; fileRef = 0A0165F915700EE2000D4E28 /* timeLapseIcon@2x.png */; };
		0A01662015700EE2000D4E28 /* aboutViewController.png in Resources */ = {isa = PBXBuildFile; fileRef = 0A0165FB15700EE2000D4E28 /* aboutViewController.png */; };
		0A01662115700EE2000D4E28 /* HDRViewController.png in Resources */ = {isa = PBXBuildFile; fileRef = 0A0165FC15700EE2000D4E28 /* HDRViewController.png */; };
		0A01662215700EE2000D4E28 /* intervalometerCountdownViewController.jpg in Resources */ = {isa = PBXBuildFile; fileRef = 0A0165FD15700EE2000D4E28 /* intervalometerCountdownViewController.jpg */; };
		0A01662315700EE2000D4E28 /* intervalometerViewController.png in Resources */ = {isa = PBXBuildFile; fileRef = 0A0165FE15700EE2000D4E28 /* intervalometerViewController.png */; };
		0A01662915700EE2000D4E28 /* warning.png in Resources */ = {isa = PBXBuildFile; fileRef = 0A01660515700EE2000D4E28 /* warning.png */; };
		0A01662B15700FC4000D4E28 /* learnMoreButton.png in Resources */ = {isa = PBXBuildFile; fileRef = 0A01662A15700FC4000D4E28 /* learnMoreButton.png */; };
		0A01662F15701054000D4E28 /* lightMeter0.png in Resources */ = {isa = PBXBuildFile; fileRef = 0A01662D15701054000D4E28 /* lightMeter0.png */; };
		0A01663015701054000D4E28 /* lightMeterTick.png in Resources */ = {isa = PBXBuildFile; fileRef = 0A01662E15701054000D4E28 /* lightMeterTick.png */; };
		0A47D33D149F046A008D728A /* UIKit.framework in Frameworks */ = {isa = PBXBuildFile; fileRef = 0A47D33C149F046A008D728A /* UIKit.framework */; };
		0A47D33F149F046A008D728A /* Foundation.framework in Frameworks */ = {isa = PBXBuildFile; fileRef = 0A47D33E149F046A008D728A /* Foundation.framework */; };
		0A47D341149F046A008D728A /* CoreGraphics.framework in Frameworks */ = {isa = PBXBuildFile; fileRef = 0A47D340149F046A008D728A /* CoreGraphics.framework */; };
		0AA89F8A156F0B7600782F2C /* MediaPlayer.framework in Frameworks */ = {isa = PBXBuildFile; fileRef = 0A4AA83D156718230006E555 /* MediaPlayer.framework */; };
		0AA89F8B156F0B7F00782F2C /* AVFoundation.framework in Frameworks */ = {isa = PBXBuildFile; fileRef = 0AE197DE154B68FE00714F55 /* AVFoundation.framework */; };
		0AAB335D156F18F20028F04B /* 20kHz_033ms.wav in Resources */ = {isa = PBXBuildFile; fileRef = 0AAB3297156F18F10028F04B /* 20kHz_033ms.wav */; };
		0AAB335E156F18F20028F04B /* 20kHz_067ms.wav in Resources */ = {isa = PBXBuildFile; fileRef = 0AAB3298156F18F10028F04B /* 20kHz_067ms.wav */; };
		0AAB335F156F18F20028F04B /* 20kHz_100ms.wav in Resources */ = {isa = PBXBuildFile; fileRef = 0AAB3299156F18F10028F04B /* 20kHz_100ms.wav */; };
		0AAB3360156F18F20028F04B /* 20kHz_125ms.wav in Resources */ = {isa = PBXBuildFile; fileRef = 0AAB329A156F18F10028F04B /* 20kHz_125ms.wav */; };
		0AAB3361156F18F20028F04B /* 20kHz_1s.wav in Resources */ = {isa = PBXBuildFile; fileRef = 0AAB329B156F18F10028F04B /* 20kHz_1s.wav */; };
		0AAB3362156F18F20028F04B /* 20kHz_250ms.wav in Resources */ = {isa = PBXBuildFile; fileRef = 0AAB329C156F18F10028F04B /* 20kHz_250ms.wav */; };
		0AAB3363156F18F20028F04B /* 20kHz_500ms.wav in Resources */ = {isa = PBXBuildFile; fileRef = 0AAB329D156F18F10028F04B /* 20kHz_500ms.wav */; };
		0AAB3364156F18F20028F04B /* 100kHz_100ms.wav in Resources */ = {isa = PBXBuildFile; fileRef = 0AAB329F156F18F10028F04B /* 100kHz_100ms.wav */; };
		0AAB3365156F18F20028F04B /* 20kHz_plus_1kHz_033ms.wav in Resources */ = {isa = PBXBuildFile; fileRef = 0AAB32A0156F18F10028F04B /* 20kHz_plus_1kHz_033ms.wav */; };
		0AAB3366156F18F20028F04B /* 20kHz_plus_1kHz_067ms.wav in Resources */ = {isa = PBXBuildFile; fileRef = 0AAB32A1156F18F10028F04B /* 20kHz_plus_1kHz_067ms.wav */; };
		0AAB3367156F18F20028F04B /* 20kHz_plus_1kHz_100ms.wav in Resources */ = {isa = PBXBuildFile; fileRef = 0AAB32A2156F18F10028F04B /* 20kHz_plus_1kHz_100ms.wav */; };
		0AAB3368156F18F20028F04B /* 20kHz_plus_1kHz_125ms.wav in Resources */ = {isa = PBXBuildFile; fileRef = 0AAB32A3156F18F10028F04B /* 20kHz_plus_1kHz_125ms.wav */; };
		0AAB3369156F18F20028F04B /* 20kHz_plus_1kHz_1s.wav in Resources */ = {isa = PBXBuildFile; fileRef = 0AAB32A4156F18F10028F04B /* 20kHz_plus_1kHz_1s.wav */; };
		0AAB336A156F18F20028F04B /* 20kHz_plus_1kHz_250ms.wav in Resources */ = {isa = PBXBuildFile; fileRef = 0AAB32A5156F18F10028F04B /* 20kHz_plus_1kHz_250ms.wav */; };
		0AAB336B156F18F20028F04B /* 20kHz_plus_1kHz_500ms.wav in Resources */ = {isa = PBXBuildFile; fileRef = 0AAB32A6156F18F10028F04B /* 20kHz_plus_1kHz_500ms.wav */; };
		0AAB336C156F18F20028F04B /* AppDelegate.m in Sources */ = {isa = PBXBuildFile; fileRef = 0AAB32AA156F18F10028F04B /* AppDelegate.m */; };
		0AAB336D156F18F20028F04B /* main.m in Sources */ = {isa = PBXBuildFile; fileRef = 0AAB32AB156F18F10028F04B /* main.m */; };
		0AAB336E156F18F20028F04B /* AudioOutputCameraController.m in Sources */ = {isa = PBXBuildFile; fileRef = 0AAB32AE156F18F10028F04B /* AudioOutputCameraController.m */; };
		0AAB336F156F18F20028F04B /* BluetoothCameraController.m in Sources */ = {isa = PBXBuildFile; fileRef = 0AAB32B0156F18F10028F04B /* BluetoothCameraController.m */; };
		0AAB3370156F18F20028F04B /* ICameraController.m in Sources */ = {isa = PBXBuildFile; fileRef = 0AAB32B2156F18F10028F04B /* ICameraController.m */; };
		0AAB3371156F18F20028F04B /* Time.m in Sources */ = {isa = PBXBuildFile; fileRef = 0AAB32B6156F18F10028F04B /* Time.m */; };
		0AAB3372156F18F20028F04B /* Bramper.m in Sources */ = {isa = PBXBuildFile; fileRef = 0AAB32B9156F18F10028F04B /* Bramper.m */; };
		0AAB3373156F18F20028F04B /* HDR.m in Sources */ = {isa = PBXBuildFile; fileRef = 0AAB32BB156F18F10028F04B /* HDR.m */; };
		0AAB3374156F18F20028F04B /* IIntervalometer.m in Sources */ = {isa = PBXBuildFile; fileRef = 0AAB32BD156F18F10028F04B /* IIntervalometer.m */; };
		0AAB3375156F18F20028F04B /* Interval.m in Sources */ = {isa = PBXBuildFile; fileRef = 0AAB32BF156F18F10028F04B /* Interval.m */; };
		0AAB3376156F18F20028F04B /* IntervalData.m in Sources */ = {isa = PBXBuildFile; fileRef = 0AAB32C1156F18F10028F04B /* IntervalData.m */; };
		0AAB3377156F18F20028F04B /* IntervalDuration.m in Sources */ = {isa = PBXBuildFile; fileRef = 0AAB32C3156F18F10028F04B /* IntervalDuration.m */; };
		0AAB3378156F18F20028F04B /* Shutter.m in Sources */ = {isa = PBXBuildFile; fileRef = 0AAB32C5156F18F10028F04B /* Shutter.m */; };
		0AAB3379156F18F20028F04B /* Trigger_Happy-iPad.storyboard in Resources */ = {isa = PBXBuildFile; fileRef = 0AAB32C7156F18F10028F04B /* Trigger_Happy-iPad.storyboard */; };
		0AAB337A156F18F20028F04B /* Trigger_Happy-iPhoneFamily.storyboard in Resources */ = {isa = PBXBuildFile; fileRef = 0AAB32C8156F18F10028F04B /* Trigger_Happy-iPhoneFamily.storyboard */; };
		0AAB337B156F18F20028F04B /* IDataAccessViewController.m in Sources */ = {isa = PBXBuildFile; fileRef = 0AAB32CB156F18F10028F04B /* IDataAccessViewController.m */; };
		0AAB337C156F18F20028F04B /* IntervalometerCountDownViewController.m in Sources */ = {isa = PBXBuildFile; fileRef = 0AAB32CD156F18F10028F04B /* IntervalometerCountDownViewController.m */; };
		0AAB337D156F18F20028F04B /* IntervalometerViewController.m in Sources */ = {isa = PBXBuildFile; fileRef = 0AAB32CF156F18F10028F04B /* IntervalometerViewController.m */; };
		0AAB337E156F18F20028F04B /* AboutViewController.m in Sources */ = {isa = PBXBuildFile; fileRef = 0AAB32D1156F18F10028F04B /* AboutViewController.m */; };
		0AAB337F156F18F20028F04B /* DurationViewController.m in Sources */ = {isa = PBXBuildFile; fileRef = 0AAB32D5156F18F10028F04B /* DurationViewController.m */; };
		0AAB3380156F18F20028F04B /* IntervalSelectorViewController.m in Sources */ = {isa = PBXBuildFile; fileRef = 0AAB32D8156F18F10028F04B /* IntervalSelectorViewController.m */; };
		0AAB3381156F18F20028F04B /* ITimeSelectorViewController.m in Sources */ = {isa = PBXBuildFile; fileRef = 0AAB32DA156F18F10028F04B /* ITimeSelectorViewController.m */; };
		0AAB3382156F18F20028F04B /* BrampingStartShutterSelectorViewController.m in Sources */ = {isa = PBXBuildFile; fileRef = 0AAB32DE156F18F10028F04B /* BrampingStartShutterSelectorViewController.m */; };
		0AAB3383156F18F20028F04B /* BrampingStopShutterSelectorViewController.m in Sources */ = {isa = PBXBuildFile; fileRef = 0AAB32E0156F18F10028F04B /* BrampingStopShutterSelectorViewController.m */; };
		0AAB3384156F18F20028F04B /* BrampingViewController.m in Sources */ = {isa = PBXBuildFile; fileRef = 0AAB32E2156F18F10028F04B /* BrampingViewController.m */; };
		0AAB3385156F18F20028F04B /* HDREVViewController.m in Sources */ = {isa = PBXBuildFile; fileRef = 0AAB32E5156F18F10028F04B /* HDREVViewController.m */; };
		0AAB3386156F18F20028F04B /* HDRShotsViewController.m in Sources */ = {isa = PBXBuildFile; fileRef = 0AAB32E7156F18F10028F04B /* HDRShotsViewController.m */; };
		0AAB3387156F18F20028F04B /* HDRShutterSelectorViewController.m in Sources */ = {isa = PBXBuildFile; fileRef = 0AAB32E9156F18F10028F04B /* HDRShutterSelectorViewController.m */; };
		0AAB3388156F18F20028F04B /* HDRViewController.m in Sources */ = {isa = PBXBuildFile; fileRef = 0AAB32EB156F18F10028F04B /* HDRViewController.m */; };
		0AAB3389156F18F20028F04B /* IShutterSelectorViewController.m in Sources */ = {isa = PBXBuildFile; fileRef = 0AAB32ED156F18F10028F04B /* IShutterSelectorViewController.m */; };
		0AAB338A156F18F20028F04B /* ShutterSelectorViewController.m in Sources */ = {isa = PBXBuildFile; fileRef = 0AAB32F0156F18F10028F04B /* ShutterSelectorViewController.m */; };
		0AAB338B156F18F20028F04B /* SingleShotViewController.m in Sources */ = {isa = PBXBuildFile; fileRef = 0AAB32F2156F18F10028F04B /* SingleShotViewController.m */; };
		0AAB338C156F18F20028F04B /* InfoPlist.strings in Resources */ = {isa = PBXBuildFile; fileRef = 0AAB32F4156F18F10028F04B /* InfoPlist.strings */; };
		0ABD738C157EC5B300A25B14 /* blank_test_1s.wav in Resources */ = {isa = PBXBuildFile; fileRef = 0ABD738B157EC5B300A25B14 /* blank_test_1s.wav */; };
		0ADDC48015A62959003996E6 /* info.png in Resources */ = {isa = PBXBuildFile; fileRef = 0ADDC47E15A62959003996E6 /* info.png */; };
		0ADDC48915A63A8C003996E6 /* InfoViewController.m in Sources */ = {isa = PBXBuildFile; fileRef = 0ADDC48815A63A8C003996E6 /* InfoViewController.m */; };
		0AE197E1154B693D00714F55 /* AudioToolbox.framework in Frameworks */ = {isa = PBXBuildFile; fileRef = 0AE197E0154B693D00714F55 /* AudioToolbox.framework */; };
		0AEA9AD415902A320018C7D4 /* Default.png in Resources */ = {isa = PBXBuildFile; fileRef = 0AEA9AD215902A320018C7D4 /* Default.png */; };
		0AEA9AD515902A320018C7D4 /* Default@2x.png in Resources */ = {isa = PBXBuildFile; fileRef = 0AEA9AD315902A320018C7D4 /* Default@2x.png */; };
/* End PBXBuildFile section */

/* Begin PBXFileReference section */
		0A0165DE15700EE2000D4E28 /* icon-appstore-512x512.png */ = {isa = PBXFileReference; lastKnownFileType = image.png; path = "icon-appstore-512x512.png"; sourceTree = "<group>"; };
		0A0165DF15700EE2000D4E28 /* Icon.png */ = {isa = PBXFileReference; lastKnownFileType = image.png; path = Icon.png; sourceTree = "<group>"; };
		0A0165E015700EE2000D4E28 /* Icon@2x.png */ = {isa = PBXFileReference; lastKnownFileType = image.png; path = "Icon@2x.png"; sourceTree = "<group>"; };
		0A0165E215700EE2000D4E28 /* baseShutterButton.png */ = {isa = PBXFileReference; lastKnownFileType = image.png; path = baseShutterButton.png; sourceTree = "<group>"; };
		0A0165E315700EE2000D4E28 /* bulbRampingButton.png */ = {isa = PBXFileReference; lastKnownFileType = image.png; path = bulbRampingButton.png; sourceTree = "<group>"; };
		0A0165E415700EE2000D4E28 /* buyButton.png */ = {isa = PBXFileReference; lastKnownFileType = image.png; path = buyButton.png; sourceTree = "<group>"; };
		0A0165E515700EE2000D4E28 /* durationSetterButton.png */ = {isa = PBXFileReference; lastKnownFileType = image.png; path = durationSetterButton.png; sourceTree = "<group>"; };
		0A0165E615700EE2000D4E28 /* endShutterButton.png */ = {isa = PBXFileReference; lastKnownFileType = image.png; path = endShutterButton.png; sourceTree = "<group>"; };
		0A0165E715700EE2000D4E28 /* exposureIntervalButton.png */ = {isa = PBXFileReference; lastKnownFileType = image.png; path = exposureIntervalButton.png; sourceTree = "<group>"; };
		0A0165E815700EE2000D4E28 /* fireButton.png */ = {isa = PBXFileReference; lastKnownFileType = image.png; path = fireButton.png; sourceTree = "<group>"; };
		0A0165E915700EE2000D4E28 /* greenButton.png */ = {isa = PBXFileReference; lastKnownFileType = image.png; path = greenButton.png; sourceTree = "<group>"; };
		0A0165EA15700EE2000D4E28 /* hdrButton.png */ = {isa = PBXFileReference; lastKnownFileType = image.png; path = hdrButton.png; sourceTree = "<group>"; };
		0A0165EB15700EE2000D4E28 /* intervalSetterButton.png */ = {isa = PBXFileReference; lastKnownFileType = image.png; path = intervalSetterButton.png; sourceTree = "<group>"; };
		0A0165ED15700EE2000D4E28 /* numberOfShotsButton.png */ = {isa = PBXFileReference; lastKnownFileType = image.png; path = numberOfShotsButton.png; sourceTree = "<group>"; };
		0A0165EE15700EE2000D4E28 /* redButton.png */ = {isa = PBXFileReference; lastKnownFileType = image.png; path = redButton.png; sourceTree = "<group>"; };
		0A0165EF15700EE2000D4E28 /* shutterLengthButton.png */ = {isa = PBXFileReference; lastKnownFileType = image.png; path = shutterLengthButton.png; sourceTree = "<group>"; };
		0A0165F015700EE2000D4E28 /* startShutterButton.png */ = {isa = PBXFileReference; lastKnownFileType = image.png; path = startShutterButton.png; sourceTree = "<group>"; };
		0A0165F415700EE2000D4E28 /* circle.png */ = {isa = PBXFileReference; lastKnownFileType = image.png; path = circle.png; sourceTree = "<group>"; };
		0A0165F515700EE2000D4E28 /* circle@2x.png */ = {isa = PBXFileReference; lastKnownFileType = image.png; path = "circle@2x.png"; sourceTree = "<group>"; };
		0A0165F615700EE2000D4E28 /* infoIcon.png */ = {isa = PBXFileReference; lastKnownFileType = image.png; path = infoIcon.png; sourceTree = "<group>"; };
		0A0165F715700EE2000D4E28 /* infoIcon@2x.png */ = {isa = PBXFileReference; lastKnownFileType = image.png; path = "infoIcon@2x.png"; sourceTree = "<group>"; };
		0A0165F815700EE2000D4E28 /* timeLapseIcon.png */ = {isa = PBXFileReference; lastKnownFileType = image.png; path = timeLapseIcon.png; sourceTree = "<group>"; };
		0A0165F915700EE2000D4E28 /* timeLapseIcon@2x.png */ = {isa = PBXFileReference; lastKnownFileType = image.png; path = "timeLapseIcon@2x.png"; sourceTree = "<group>"; };
		0A0165FB15700EE2000D4E28 /* aboutViewController.png */ = {isa = PBXFileReference; lastKnownFileType = image.png; path = aboutViewController.png; sourceTree = "<group>"; };
		0A0165FC15700EE2000D4E28 /* HDRViewController.png */ = {isa = PBXFileReference; lastKnownFileType = image.png; path = HDRViewController.png; sourceTree = "<group>"; };
		0A0165FD15700EE2000D4E28 /* intervalometerCountdownViewController.jpg */ = {isa = PBXFileReference; lastKnownFileType = image.jpeg; path = intervalometerCountdownViewController.jpg; sourceTree = "<group>"; };
		0A0165FE15700EE2000D4E28 /* intervalometerViewController.png */ = {isa = PBXFileReference; lastKnownFileType = image.png; path = intervalometerViewController.png; sourceTree = "<group>"; };
		0A01660515700EE2000D4E28 /* warning.png */ = {isa = PBXFileReference; lastKnownFileType = image.png; path = warning.png; sourceTree = "<group>"; };
		0A01662A15700FC4000D4E28 /* learnMoreButton.png */ = {isa = PBXFileReference; lastKnownFileType = image.png; path = learnMoreButton.png; sourceTree = "<group>"; };
		0A01662D15701054000D4E28 /* lightMeter0.png */ = {isa = PBXFileReference; lastKnownFileType = image.png; path = lightMeter0.png; sourceTree = "<group>"; };
		0A01662E15701054000D4E28 /* lightMeterTick.png */ = {isa = PBXFileReference; lastKnownFileType = image.png; path = lightMeterTick.png; sourceTree = "<group>"; };
		0A47D338149F046A008D728A /* Trigger Happy.app */ = {isa = PBXFileReference; explicitFileType = wrapper.application; includeInIndex = 0; path = "Trigger Happy.app"; sourceTree = BUILT_PRODUCTS_DIR; };
		0A47D33C149F046A008D728A /* UIKit.framework */ = {isa = PBXFileReference; lastKnownFileType = wrapper.framework; name = UIKit.framework; path = System/Library/Frameworks/UIKit.framework; sourceTree = SDKROOT; };
		0A47D33E149F046A008D728A /* Foundation.framework */ = {isa = PBXFileReference; lastKnownFileType = wrapper.framework; name = Foundation.framework; path = System/Library/Frameworks/Foundation.framework; sourceTree = SDKROOT; };
		0A47D340149F046A008D728A /* CoreGraphics.framework */ = {isa = PBXFileReference; lastKnownFileType = wrapper.framework; name = CoreGraphics.framework; path = System/Library/Frameworks/CoreGraphics.framework; sourceTree = SDKROOT; };
		0A47D365149F046B008D728A /* SenTestingKit.framework */ = {isa = PBXFileReference; lastKnownFileType = wrapper.framework; name = SenTestingKit.framework; path = Library/Frameworks/SenTestingKit.framework; sourceTree = DEVELOPER_DIR; };
		0A4AA83D156718230006E555 /* MediaPlayer.framework */ = {isa = PBXFileReference; lastKnownFileType = wrapper.framework; name = MediaPlayer.framework; path = System/Library/Frameworks/MediaPlayer.framework; sourceTree = SDKROOT; };
		0AA89F8C156F0B9700782F2C /* AVFoundation.framework */ = {isa = PBXFileReference; lastKnownFileType = wrapper.framework; name = AVFoundation.framework; path = System/Library/Frameworks/AVFoundation.framework; sourceTree = SDKROOT; };
		0AA89F8E156F0BA300782F2C /* MediaPlayer.framework */ = {isa = PBXFileReference; lastKnownFileType = wrapper.framework; name = MediaPlayer.framework; path = System/Library/Frameworks/MediaPlayer.framework; sourceTree = SDKROOT; };
		0AA89F8F156F0BA300782F2C /* AudioToolbox.framework */ = {isa = PBXFileReference; lastKnownFileType = wrapper.framework; name = AudioToolbox.framework; path = System/Library/Frameworks/AudioToolbox.framework; sourceTree = SDKROOT; };
		0AAB3297156F18F10028F04B /* 20kHz_033ms.wav */ = {isa = PBXFileReference; lastKnownFileType = audio.wav; path = 20kHz_033ms.wav; sourceTree = "<group>"; };
		0AAB3298156F18F10028F04B /* 20kHz_067ms.wav */ = {isa = PBXFileReference; lastKnownFileType = audio.wav; path = 20kHz_067ms.wav; sourceTree = "<group>"; };
		0AAB3299156F18F10028F04B /* 20kHz_100ms.wav */ = {isa = PBXFileReference; lastKnownFileType = audio.wav; path = 20kHz_100ms.wav; sourceTree = "<group>"; };
		0AAB329A156F18F10028F04B /* 20kHz_125ms.wav */ = {isa = PBXFileReference; lastKnownFileType = audio.wav; path = 20kHz_125ms.wav; sourceTree = "<group>"; };
		0AAB329B156F18F10028F04B /* 20kHz_1s.wav */ = {isa = PBXFileReference; lastKnownFileType = audio.wav; path = 20kHz_1s.wav; sourceTree = "<group>"; };
		0AAB329C156F18F10028F04B /* 20kHz_250ms.wav */ = {isa = PBXFileReference; lastKnownFileType = audio.wav; path = 20kHz_250ms.wav; sourceTree = "<group>"; };
		0AAB329D156F18F10028F04B /* 20kHz_500ms.wav */ = {isa = PBXFileReference; lastKnownFileType = audio.wav; path = 20kHz_500ms.wav; sourceTree = "<group>"; };
		0AAB329F156F18F10028F04B /* 100kHz_100ms.wav */ = {isa = PBXFileReference; lastKnownFileType = audio.wav; path = 100kHz_100ms.wav; sourceTree = "<group>"; };
		0AAB32A0156F18F10028F04B /* 20kHz_plus_1kHz_033ms.wav */ = {isa = PBXFileReference; lastKnownFileType = audio.wav; path = 20kHz_plus_1kHz_033ms.wav; sourceTree = "<group>"; };
		0AAB32A1156F18F10028F04B /* 20kHz_plus_1kHz_067ms.wav */ = {isa = PBXFileReference; lastKnownFileType = audio.wav; path = 20kHz_plus_1kHz_067ms.wav; sourceTree = "<group>"; };
		0AAB32A2156F18F10028F04B /* 20kHz_plus_1kHz_100ms.wav */ = {isa = PBXFileReference; lastKnownFileType = audio.wav; path = 20kHz_plus_1kHz_100ms.wav; sourceTree = "<group>"; };
		0AAB32A3156F18F10028F04B /* 20kHz_plus_1kHz_125ms.wav */ = {isa = PBXFileReference; lastKnownFileType = audio.wav; path = 20kHz_plus_1kHz_125ms.wav; sourceTree = "<group>"; };
		0AAB32A4156F18F10028F04B /* 20kHz_plus_1kHz_1s.wav */ = {isa = PBXFileReference; lastKnownFileType = audio.wav; path = 20kHz_plus_1kHz_1s.wav; sourceTree = "<group>"; };
		0AAB32A5156F18F10028F04B /* 20kHz_plus_1kHz_250ms.wav */ = {isa = PBXFileReference; lastKnownFileType = audio.wav; path = 20kHz_plus_1kHz_250ms.wav; sourceTree = "<group>"; };
		0AAB32A6156F18F10028F04B /* 20kHz_plus_1kHz_500ms.wav */ = {isa = PBXFileReference; lastKnownFileType = audio.wav; path = 20kHz_plus_1kHz_500ms.wav; sourceTree = "<group>"; };
		0AAB32A9156F18F10028F04B /* AppDelegate.h */ = {isa = PBXFileReference; fileEncoding = 4; lastKnownFileType = sourcecode.c.h; path = AppDelegate.h; sourceTree = "<group>"; };
		0AAB32AA156F18F10028F04B /* AppDelegate.m */ = {isa = PBXFileReference; fileEncoding = 4; lastKnownFileType = sourcecode.c.objc; path = AppDelegate.m; sourceTree = "<group>"; };
		0AAB32AB156F18F10028F04B /* main.m */ = {isa = PBXFileReference; fileEncoding = 4; lastKnownFileType = sourcecode.c.objc; path = main.m; sourceTree = "<group>"; };
		0AAB32AD156F18F10028F04B /* AudioOutputCameraController.h */ = {isa = PBXFileReference; fileEncoding = 4; lastKnownFileType = sourcecode.c.h; path = AudioOutputCameraController.h; sourceTree = "<group>"; };
		0AAB32AE156F18F10028F04B /* AudioOutputCameraController.m */ = {isa = PBXFileReference; fileEncoding = 4; lastKnownFileType = sourcecode.c.objc; path = AudioOutputCameraController.m; sourceTree = "<group>"; };
		0AAB32AF156F18F10028F04B /* BluetoothCameraController.h */ = {isa = PBXFileReference; fileEncoding = 4; lastKnownFileType = sourcecode.c.h; path = BluetoothCameraController.h; sourceTree = "<group>"; };
		0AAB32B0156F18F10028F04B /* BluetoothCameraController.m */ = {isa = PBXFileReference; fileEncoding = 4; lastKnownFileType = sourcecode.c.objc; path = BluetoothCameraController.m; sourceTree = "<group>"; };
		0AAB32B1156F18F10028F04B /* ICameraController.h */ = {isa = PBXFileReference; fileEncoding = 4; lastKnownFileType = sourcecode.c.h; path = ICameraController.h; sourceTree = "<group>"; };
		0AAB32B2156F18F10028F04B /* ICameraController.m */ = {isa = PBXFileReference; fileEncoding = 4; lastKnownFileType = sourcecode.c.objc; path = ICameraController.m; sourceTree = "<group>"; };
		0AAB32B4156F18F10028F04B /* Constants.h */ = {isa = PBXFileReference; fileEncoding = 4; lastKnownFileType = sourcecode.c.h; path = Constants.h; sourceTree = "<group>"; };
		0AAB32B5156F18F10028F04B /* Time.h */ = {isa = PBXFileReference; fileEncoding = 4; lastKnownFileType = sourcecode.c.h; path = Time.h; sourceTree = "<group>"; };
		0AAB32B6156F18F10028F04B /* Time.m */ = {isa = PBXFileReference; fileEncoding = 4; lastKnownFileType = sourcecode.c.objc; path = Time.m; sourceTree = "<group>"; };
		0AAB32B8156F18F10028F04B /* Bramper.h */ = {isa = PBXFileReference; fileEncoding = 4; lastKnownFileType = sourcecode.c.h; path = Bramper.h; sourceTree = "<group>"; };
		0AAB32B9156F18F10028F04B /* Bramper.m */ = {isa = PBXFileReference; fileEncoding = 4; lastKnownFileType = sourcecode.c.objc; path = Bramper.m; sourceTree = "<group>"; };
		0AAB32BA156F18F10028F04B /* HDR.h */ = {isa = PBXFileReference; fileEncoding = 4; lastKnownFileType = sourcecode.c.h; path = HDR.h; sourceTree = "<group>"; };
		0AAB32BB156F18F10028F04B /* HDR.m */ = {isa = PBXFileReference; fileEncoding = 4; lastKnownFileType = sourcecode.c.objc; path = HDR.m; sourceTree = "<group>"; };
		0AAB32BC156F18F10028F04B /* IIntervalometer.h */ = {isa = PBXFileReference; fileEncoding = 4; lastKnownFileType = sourcecode.c.h; path = IIntervalometer.h; sourceTree = "<group>"; };
		0AAB32BD156F18F10028F04B /* IIntervalometer.m */ = {isa = PBXFileReference; fileEncoding = 4; lastKnownFileType = sourcecode.c.objc; path = IIntervalometer.m; sourceTree = "<group>"; };
		0AAB32BE156F18F10028F04B /* Interval.h */ = {isa = PBXFileReference; fileEncoding = 4; lastKnownFileType = sourcecode.c.h; path = Interval.h; sourceTree = "<group>"; };
		0AAB32BF156F18F10028F04B /* Interval.m */ = {isa = PBXFileReference; fileEncoding = 4; lastKnownFileType = sourcecode.c.objc; path = Interval.m; sourceTree = "<group>"; };
		0AAB32C0156F18F10028F04B /* IntervalData.h */ = {isa = PBXFileReference; fileEncoding = 4; lastKnownFileType = sourcecode.c.h; path = IntervalData.h; sourceTree = "<group>"; };
		0AAB32C1156F18F10028F04B /* IntervalData.m */ = {isa = PBXFileReference; fileEncoding = 4; lastKnownFileType = sourcecode.c.objc; path = IntervalData.m; sourceTree = "<group>"; };
		0AAB32C2156F18F10028F04B /* IntervalDuration.h */ = {isa = PBXFileReference; fileEncoding = 4; lastKnownFileType = sourcecode.c.h; path = IntervalDuration.h; sourceTree = "<group>"; };
		0AAB32C3156F18F10028F04B /* IntervalDuration.m */ = {isa = PBXFileReference; fileEncoding = 4; lastKnownFileType = sourcecode.c.objc; path = IntervalDuration.m; sourceTree = "<group>"; };
		0AAB32C4156F18F10028F04B /* Shutter.h */ = {isa = PBXFileReference; fileEncoding = 4; lastKnownFileType = sourcecode.c.h; path = Shutter.h; sourceTree = "<group>"; };
		0AAB32C5156F18F10028F04B /* Shutter.m */ = {isa = PBXFileReference; fileEncoding = 4; lastKnownFileType = sourcecode.c.objc; path = Shutter.m; sourceTree = "<group>"; };
		0AAB32C7156F18F10028F04B /* Trigger_Happy-iPad.storyboard */ = {isa = PBXFileReference; fileEncoding = 4; lastKnownFileType = file.storyboard; path = "Trigger_Happy-iPad.storyboard"; sourceTree = "<group>"; };
		0AAB32C8156F18F10028F04B /* Trigger_Happy-iPhoneFamily.storyboard */ = {isa = PBXFileReference; fileEncoding = 4; lastKnownFileType = file.storyboard; path = "Trigger_Happy-iPhoneFamily.storyboard"; sourceTree = "<group>"; };
		0AAB32CA156F18F10028F04B /* IDataAccessViewController.h */ = {isa = PBXFileReference; fileEncoding = 4; lastKnownFileType = sourcecode.c.h; path = IDataAccessViewController.h; sourceTree = "<group>"; };
		0AAB32CB156F18F10028F04B /* IDataAccessViewController.m */ = {isa = PBXFileReference; fileEncoding = 4; lastKnownFileType = sourcecode.c.objc; path = IDataAccessViewController.m; sourceTree = "<group>"; };
		0AAB32CC156F18F10028F04B /* IntervalometerCountDownViewController.h */ = {isa = PBXFileReference; fileEncoding = 4; lastKnownFileType = sourcecode.c.h; path = IntervalometerCountDownViewController.h; sourceTree = "<group>"; };
		0AAB32CD156F18F10028F04B /* IntervalometerCountDownViewController.m */ = {isa = PBXFileReference; fileEncoding = 4; lastKnownFileType = sourcecode.c.objc; path = IntervalometerCountDownViewController.m; sourceTree = "<group>"; };
		0AAB32CE156F18F10028F04B /* IntervalometerViewController.h */ = {isa = PBXFileReference; fileEncoding = 4; lastKnownFileType = sourcecode.c.h; path = IntervalometerViewController.h; sourceTree = "<group>"; };
		0AAB32CF156F18F10028F04B /* IntervalometerViewController.m */ = {isa = PBXFileReference; fileEncoding = 4; lastKnownFileType = sourcecode.c.objc; path = IntervalometerViewController.m; sourceTree = "<group>"; };
		0AAB32D0156F18F10028F04B /* AboutViewController.h */ = {isa = PBXFileReference; fileEncoding = 4; lastKnownFileType = sourcecode.c.h; path = AboutViewController.h; sourceTree = "<group>"; };
		0AAB32D1156F18F10028F04B /* AboutViewController.m */ = {isa = PBXFileReference; fileEncoding = 4; lastKnownFileType = sourcecode.c.objc; path = AboutViewController.m; sourceTree = "<group>"; };
		0AAB32D4156F18F10028F04B /* DurationViewController.h */ = {isa = PBXFileReference; fileEncoding = 4; lastKnownFileType = sourcecode.c.h; path = DurationViewController.h; sourceTree = "<group>"; };
		0AAB32D5156F18F10028F04B /* DurationViewController.m */ = {isa = PBXFileReference; fileEncoding = 4; lastKnownFileType = sourcecode.c.objc; path = DurationViewController.m; sourceTree = "<group>"; };
		0AAB32D7156F18F10028F04B /* IntervalSelectorViewController.h */ = {isa = PBXFileReference; fileEncoding = 4; lastKnownFileType = sourcecode.c.h; path = IntervalSelectorViewController.h; sourceTree = "<group>"; };
		0AAB32D8156F18F10028F04B /* IntervalSelectorViewController.m */ = {isa = PBXFileReference; fileEncoding = 4; lastKnownFileType = sourcecode.c.objc; path = IntervalSelectorViewController.m; sourceTree = "<group>"; };
		0AAB32D9156F18F10028F04B /* ITimeSelectorViewController.h */ = {isa = PBXFileReference; fileEncoding = 4; lastKnownFileType = sourcecode.c.h; path = ITimeSelectorViewController.h; sourceTree = "<group>"; };
		0AAB32DA156F18F10028F04B /* ITimeSelectorViewController.m */ = {isa = PBXFileReference; fileEncoding = 4; lastKnownFileType = sourcecode.c.objc; path = ITimeSelectorViewController.m; sourceTree = "<group>"; };
		0AAB32DD156F18F10028F04B /* BrampingStartShutterSelectorViewController.h */ = {isa = PBXFileReference; fileEncoding = 4; lastKnownFileType = sourcecode.c.h; path = BrampingStartShutterSelectorViewController.h; sourceTree = "<group>"; };
		0AAB32DE156F18F10028F04B /* BrampingStartShutterSelectorViewController.m */ = {isa = PBXFileReference; fileEncoding = 4; lastKnownFileType = sourcecode.c.objc; path = BrampingStartShutterSelectorViewController.m; sourceTree = "<group>"; };
		0AAB32DF156F18F10028F04B /* BrampingStopShutterSelectorViewController.h */ = {isa = PBXFileReference; fileEncoding = 4; lastKnownFileType = sourcecode.c.h; path = BrampingStopShutterSelectorViewController.h; sourceTree = "<group>"; };
		0AAB32E0156F18F10028F04B /* BrampingStopShutterSelectorViewController.m */ = {isa = PBXFileReference; fileEncoding = 4; lastKnownFileType = sourcecode.c.objc; path = BrampingStopShutterSelectorViewController.m; sourceTree = "<group>"; };
		0AAB32E1156F18F10028F04B /* BrampingViewController.h */ = {isa = PBXFileReference; fileEncoding = 4; lastKnownFileType = sourcecode.c.h; path = BrampingViewController.h; sourceTree = "<group>"; };
		0AAB32E2156F18F10028F04B /* BrampingViewController.m */ = {isa = PBXFileReference; fileEncoding = 4; lastKnownFileType = sourcecode.c.objc; path = BrampingViewController.m; sourceTree = "<group>"; };
		0AAB32E4156F18F10028F04B /* HDREVViewController.h */ = {isa = PBXFileReference; fileEncoding = 4; lastKnownFileType = sourcecode.c.h; path = HDREVViewController.h; sourceTree = "<group>"; };
		0AAB32E5156F18F10028F04B /* HDREVViewController.m */ = {isa = PBXFileReference; fileEncoding = 4; lastKnownFileType = sourcecode.c.objc; path = HDREVViewController.m; sourceTree = "<group>"; };
		0AAB32E6156F18F10028F04B /* HDRShotsViewController.h */ = {isa = PBXFileReference; fileEncoding = 4; lastKnownFileType = sourcecode.c.h; path = HDRShotsViewController.h; sourceTree = "<group>"; };
		0AAB32E7156F18F10028F04B /* HDRShotsViewController.m */ = {isa = PBXFileReference; fileEncoding = 4; lastKnownFileType = sourcecode.c.objc; path = HDRShotsViewController.m; sourceTree = "<group>"; };
		0AAB32E8156F18F10028F04B /* HDRShutterSelectorViewController.h */ = {isa = PBXFileReference; fileEncoding = 4; lastKnownFileType = sourcecode.c.h; path = HDRShutterSelectorViewController.h; sourceTree = "<group>"; };
		0AAB32E9156F18F10028F04B /* HDRShutterSelectorViewController.m */ = {isa = PBXFileReference; fileEncoding = 4; lastKnownFileType = sourcecode.c.objc; path = HDRShutterSelectorViewController.m; sourceTree = "<group>"; };
		0AAB32EA156F18F10028F04B /* HDRViewController.h */ = {isa = PBXFileReference; fileEncoding = 4; lastKnownFileType = sourcecode.c.h; path = HDRViewController.h; sourceTree = "<group>"; };
		0AAB32EB156F18F10028F04B /* HDRViewController.m */ = {isa = PBXFileReference; fileEncoding = 4; lastKnownFileType = sourcecode.c.objc; path = HDRViewController.m; sourceTree = "<group>"; };
		0AAB32EC156F18F10028F04B /* IShutterSelectorViewController.h */ = {isa = PBXFileReference; fileEncoding = 4; lastKnownFileType = sourcecode.c.h; path = IShutterSelectorViewController.h; sourceTree = "<group>"; };
		0AAB32ED156F18F10028F04B /* IShutterSelectorViewController.m */ = {isa = PBXFileReference; fileEncoding = 4; lastKnownFileType = sourcecode.c.objc; path = IShutterSelectorViewController.m; sourceTree = "<group>"; };
		0AAB32EF156F18F10028F04B /* ShutterSelectorViewController.h */ = {isa = PBXFileReference; fileEncoding = 4; lastKnownFileType = sourcecode.c.h; path = ShutterSelectorViewController.h; sourceTree = "<group>"; };
		0AAB32F0156F18F10028F04B /* ShutterSelectorViewController.m */ = {isa = PBXFileReference; fileEncoding = 4; lastKnownFileType = sourcecode.c.objc; path = ShutterSelectorViewController.m; sourceTree = "<group>"; };
		0AAB32F1156F18F10028F04B /* SingleShotViewController.h */ = {isa = PBXFileReference; fileEncoding = 4; lastKnownFileType = sourcecode.c.h; path = SingleShotViewController.h; sourceTree = "<group>"; };
		0AAB32F2156F18F10028F04B /* SingleShotViewController.m */ = {isa = PBXFileReference; fileEncoding = 4; lastKnownFileType = sourcecode.c.objc; path = SingleShotViewController.m; sourceTree = "<group>"; };
		0AAB32F4156F18F10028F04B /* InfoPlist.strings */ = {isa = PBXFileReference; fileEncoding = 4; lastKnownFileType = text.plist.strings; path = InfoPlist.strings; sourceTree = "<group>"; };
		0AAB32F5156F18F10028F04B /* Trigger Happy-Info.plist */ = {isa = PBXFileReference; fileEncoding = 4; lastKnownFileType = text.plist.xml; path = "Trigger Happy-Info.plist"; sourceTree = "<group>"; };
		0AAB32F6156F18F10028F04B /* Trigger Happy-Prefix.pch */ = {isa = PBXFileReference; fileEncoding = 4; lastKnownFileType = sourcecode.c.h; path = "Trigger Happy-Prefix.pch"; sourceTree = "<group>"; };
		0ABD738B157EC5B300A25B14 /* blank_test_1s.wav */ = {isa = PBXFileReference; lastKnownFileType = audio.wav; path = blank_test_1s.wav; sourceTree = "<group>"; };
		0ADDC47E15A62959003996E6 /* info.png */ = {isa = PBXFileReference; lastKnownFileType = image.png; path = info.png; sourceTree = "<group>"; };
		0ADDC48715A63A8C003996E6 /* InfoViewController.h */ = {isa = PBXFileReference; fileEncoding = 4; lastKnownFileType = sourcecode.c.h; name = InfoViewController.h; path = info/InfoViewController.h; sourceTree = "<group>"; };
		0ADDC48815A63A8C003996E6 /* InfoViewController.m */ = {isa = PBXFileReference; fileEncoding = 4; lastKnownFileType = sourcecode.c.objc; name = InfoViewController.m; path = info/InfoViewController.m; sourceTree = "<group>"; };
		0AE197DE154B68FE00714F55 /* AVFoundation.framework */ = {isa = PBXFileReference; lastKnownFileType = wrapper.framework; name = AVFoundation.framework; path = System/Library/Frameworks/AVFoundation.framework; sourceTree = SDKROOT; };
		0AE197E0154B693D00714F55 /* AudioToolbox.framework */ = {isa = PBXFileReference; lastKnownFileType = wrapper.framework; name = AudioToolbox.framework; path = System/Library/Frameworks/AudioToolbox.framework; sourceTree = SDKROOT; };
		0AEA9ACC158FDB9F0018C7D4 /* FractionConverter.h */ = {isa = PBXFileReference; fileEncoding = 4; lastKnownFileType = sourcecode.c.h; path = FractionConverter.h; sourceTree = "<group>"; };
		0AEA9AD215902A320018C7D4 /* Default.png */ = {isa = PBXFileReference; lastKnownFileType = image.png; path = Default.png; sourceTree = "<group>"; };
		0AEA9AD315902A320018C7D4 /* Default@2x.png */ = {isa = PBXFileReference; lastKnownFileType = image.png; path = "Default@2x.png"; sourceTree = "<group>"; };
/* End PBXFileReference section */

/* Begin PBXFrameworksBuildPhase section */
		0A47D335149F046A008D728A /* Frameworks */ = {
			isa = PBXFrameworksBuildPhase;
			buildActionMask = 2147483647;
			files = (
				0AA89F8B156F0B7F00782F2C /* AVFoundation.framework in Frameworks */,
				0AA89F8A156F0B7600782F2C /* MediaPlayer.framework in Frameworks */,
				0AE197E1154B693D00714F55 /* AudioToolbox.framework in Frameworks */,
				0A47D33D149F046A008D728A /* UIKit.framework in Frameworks */,
				0A47D33F149F046A008D728A /* Foundation.framework in Frameworks */,
				0A47D341149F046A008D728A /* CoreGraphics.framework in Frameworks */,
			);
			runOnlyForDeploymentPostprocessing = 0;
		};
/* End PBXFrameworksBuildPhase section */

/* Begin PBXGroup section */
		0A0165DC15700EE2000D4E28 /* img */ = {
			isa = PBXGroup;
			children = (
				0ADDC47D15A62959003996E6 /* info */,
				0A0166311570189C000D4E28 /* launch */,
				0A01662C15701053000D4E28 /* misc */,
				0A0165DD15700EE2000D4E28 /* appIcons */,
				0A0165E115700EE2000D4E28 /* buttons */,
				0A0165F315700EE2000D4E28 /* tabBarIcons */,
				0A0165FA15700EE2000D4E28 /* views */,
				0A01660315700EE2000D4E28 /* warnings */,
			);
			path = img;
			sourceTree = SOURCE_ROOT;
		};
		0A0165DD15700EE2000D4E28 /* appIcons */ = {
			isa = PBXGroup;
			children = (
				0A0165DE15700EE2000D4E28 /* icon-appstore-512x512.png */,
				0A0165DF15700EE2000D4E28 /* Icon.png */,
				0A0165E015700EE2000D4E28 /* Icon@2x.png */,
			);
			path = appIcons;
			sourceTree = "<group>";
		};
		0A0165E115700EE2000D4E28 /* buttons */ = {
			isa = PBXGroup;
			children = (
				0A01662A15700FC4000D4E28 /* learnMoreButton.png */,
				0A0165E215700EE2000D4E28 /* baseShutterButton.png */,
				0A0165E315700EE2000D4E28 /* bulbRampingButton.png */,
				0A0165E415700EE2000D4E28 /* buyButton.png */,
				0A0165E515700EE2000D4E28 /* durationSetterButton.png */,
				0A0165E615700EE2000D4E28 /* endShutterButton.png */,
				0A0165E715700EE2000D4E28 /* exposureIntervalButton.png */,
				0A0165E815700EE2000D4E28 /* fireButton.png */,
				0A0165E915700EE2000D4E28 /* greenButton.png */,
				0A0165EA15700EE2000D4E28 /* hdrButton.png */,
				0A0165EB15700EE2000D4E28 /* intervalSetterButton.png */,
				0A0165ED15700EE2000D4E28 /* numberOfShotsButton.png */,
				0A0165EE15700EE2000D4E28 /* redButton.png */,
				0A0165EF15700EE2000D4E28 /* shutterLengthButton.png */,
				0A0165F015700EE2000D4E28 /* startShutterButton.png */,
			);
			path = buttons;
			sourceTree = "<group>";
		};
		0A0165F315700EE2000D4E28 /* tabBarIcons */ = {
			isa = PBXGroup;
			children = (
				0A0165F415700EE2000D4E28 /* circle.png */,
				0A0165F515700EE2000D4E28 /* circle@2x.png */,
				0A0165F615700EE2000D4E28 /* infoIcon.png */,
				0A0165F715700EE2000D4E28 /* infoIcon@2x.png */,
				0A0165F815700EE2000D4E28 /* timeLapseIcon.png */,
				0A0165F915700EE2000D4E28 /* timeLapseIcon@2x.png */,
			);
			path = tabBarIcons;
			sourceTree = "<group>";
		};
		0A0165FA15700EE2000D4E28 /* views */ = {
			isa = PBXGroup;
			children = (
				0A0165FB15700EE2000D4E28 /* aboutViewController.png */,
				0A0165FC15700EE2000D4E28 /* HDRViewController.png */,
				0A0165FD15700EE2000D4E28 /* intervalometerCountdownViewController.jpg */,
				0A0165FE15700EE2000D4E28 /* intervalometerViewController.png */,
			);
			path = views;
			sourceTree = "<group>";
		};
		0A01660315700EE2000D4E28 /* warnings */ = {
			isa = PBXGroup;
			children = (
				0A01660515700EE2000D4E28 /* warning.png */,
			);
			path = warnings;
			sourceTree = "<group>";
		};
		0A01662C15701053000D4E28 /* misc */ = {
			isa = PBXGroup;
			children = (
				0A01662D15701054000D4E28 /* lightMeter0.png */,
				0A01662E15701054000D4E28 /* lightMeterTick.png */,
			);
			path = misc;
			sourceTree = "<group>";
		};
		0A0166311570189C000D4E28 /* launch */ = {
			isa = PBXGroup;
			children = (
				0AEA9AD215902A320018C7D4 /* Default.png */,
				0AEA9AD315902A320018C7D4 /* Default@2x.png */,
			);
			path = launch;
			sourceTree = "<group>";
		};
		0A47D32D149F046A008D728A = {
			isa = PBXGroup;
			children = (
				0A4AA83D156718230006E555 /* MediaPlayer.framework */,
				0AE197E0154B693D00714F55 /* AudioToolbox.framework */,
				0AE197DE154B68FE00714F55 /* AVFoundation.framework */,
				0A47D342149F046A008D728A /* Trigger Happy */,
				0A47D33B149F046A008D728A /* Frameworks */,
				0A47D339149F046A008D728A /* Products */,
			);
			sourceTree = "<group>";
		};
		0A47D339149F046A008D728A /* Products */ = {
			isa = PBXGroup;
			children = (
				0A47D338149F046A008D728A /* Trigger Happy.app */,
			);
			name = Products;
			sourceTree = "<group>";
		};
		0A47D33B149F046A008D728A /* Frameworks */ = {
			isa = PBXGroup;
			children = (
				0AA89F8E156F0BA300782F2C /* MediaPlayer.framework */,
				0AA89F8F156F0BA300782F2C /* AudioToolbox.framework */,
				0AA89F8C156F0B9700782F2C /* AVFoundation.framework */,
				0A47D33C149F046A008D728A /* UIKit.framework */,
				0A47D33E149F046A008D728A /* Foundation.framework */,
				0A47D340149F046A008D728A /* CoreGraphics.framework */,
				0A47D365149F046B008D728A /* SenTestingKit.framework */,
			);
			name = Frameworks;
			sourceTree = "<group>";
		};
		0A47D342149F046A008D728A /* Trigger Happy */ = {
			isa = PBXGroup;
			children = (
				0A0165DC15700EE2000D4E28 /* img */,
				0AAB3286156F18F10028F04B /* soundCommands */,
				0AAB32A7156F18F10028F04B /* src */,
				0AAB32F3156F18F10028F04B /* supportingFiles */,
			);
			name = "Trigger Happy";
			path = "camera-remote";
			sourceTree = "<group>";
		};
		0AAB3286156F18F10028F04B /* soundCommands */ = {
			isa = PBXGroup;
			children = (
				0AAB3296156F18F10028F04B /* production */,
				0AAB329E156F18F10028F04B /* test */,
			);
			path = soundCommands;
			sourceTree = SOURCE_ROOT;
		};
		0AAB3296156F18F10028F04B /* production */ = {
			isa = PBXGroup;
			children = (
				0AAB3297156F18F10028F04B /* 20kHz_033ms.wav */,
				0AAB3298156F18F10028F04B /* 20kHz_067ms.wav */,
				0AAB3299156F18F10028F04B /* 20kHz_100ms.wav */,
				0AAB329A156F18F10028F04B /* 20kHz_125ms.wav */,
				0AAB329B156F18F10028F04B /* 20kHz_1s.wav */,
				0AAB329C156F18F10028F04B /* 20kHz_250ms.wav */,
				0AAB329D156F18F10028F04B /* 20kHz_500ms.wav */,
			);
			path = production;
			sourceTree = "<group>";
		};
		0AAB329E156F18F10028F04B /* test */ = {
			isa = PBXGroup;
			children = (
				0ABD738B157EC5B300A25B14 /* blank_test_1s.wav */,
				0AAB329F156F18F10028F04B /* 100kHz_100ms.wav */,
				0AAB32A0156F18F10028F04B /* 20kHz_plus_1kHz_033ms.wav */,
				0AAB32A1156F18F10028F04B /* 20kHz_plus_1kHz_067ms.wav */,
				0AAB32A2156F18F10028F04B /* 20kHz_plus_1kHz_100ms.wav */,
				0AAB32A3156F18F10028F04B /* 20kHz_plus_1kHz_125ms.wav */,
				0AAB32A4156F18F10028F04B /* 20kHz_plus_1kHz_1s.wav */,
				0AAB32A5156F18F10028F04B /* 20kHz_plus_1kHz_250ms.wav */,
				0AAB32A6156F18F10028F04B /* 20kHz_plus_1kHz_500ms.wav */,
			);
			path = test;
			sourceTree = "<group>";
		};
		0AAB32A7156F18F10028F04B /* src */ = {
			isa = PBXGroup;
			children = (
				0AAB32A8156F18F10028F04B /* appDelegate */,
				0AAB32AC156F18F10028F04B /* cameraController */,
				0AAB32B3156F18F10028F04B /* common */,
				0AAB32B7156F18F10028F04B /* model */,
				0AAB32C6156F18F10028F04B /* storyboard */,
				0AAB32C9156F18F10028F04B /* viewController */,
			);
			path = src;
			sourceTree = SOURCE_ROOT;
		};
		0AAB32A8156F18F10028F04B /* appDelegate */ = {
			isa = PBXGroup;
			children = (
				0AAB32A9156F18F10028F04B /* AppDelegate.h */,
				0AAB32AA156F18F10028F04B /* AppDelegate.m */,
				0AAB32AB156F18F10028F04B /* main.m */,
			);
			path = appDelegate;
			sourceTree = "<group>";
		};
		0AAB32AC156F18F10028F04B /* cameraController */ = {
			isa = PBXGroup;
			children = (
				0AAB32AD156F18F10028F04B /* AudioOutputCameraController.h */,
				0AAB32AE156F18F10028F04B /* AudioOutputCameraController.m */,
				0AAB32AF156F18F10028F04B /* BluetoothCameraController.h */,
				0AAB32B0156F18F10028F04B /* BluetoothCameraController.m */,
				0AAB32B1156F18F10028F04B /* ICameraController.h */,
				0AAB32B2156F18F10028F04B /* ICameraController.m */,
			);
			path = cameraController;
			sourceTree = "<group>";
		};
		0AAB32B3156F18F10028F04B /* common */ = {
			isa = PBXGroup;
			children = (
				0AAB32B4156F18F10028F04B /* Constants.h */,
				0AAB32B5156F18F10028F04B /* Time.h */,
				0AAB32B6156F18F10028F04B /* Time.m */,
				0AEA9ACC158FDB9F0018C7D4 /* FractionConverter.h */,
			);
			path = common;
			sourceTree = "<group>";
		};
		0AAB32B7156F18F10028F04B /* model */ = {
			isa = PBXGroup;
			children = (
				0AAB32B8156F18F10028F04B /* Bramper.h */,
				0AAB32B9156F18F10028F04B /* Bramper.m */,
				0AAB32BA156F18F10028F04B /* HDR.h */,
				0AAB32BB156F18F10028F04B /* HDR.m */,
				0AAB32BC156F18F10028F04B /* IIntervalometer.h */,
				0AAB32BD156F18F10028F04B /* IIntervalometer.m */,
				0AAB32BE156F18F10028F04B /* Interval.h */,
				0AAB32BF156F18F10028F04B /* Interval.m */,
				0AAB32C0156F18F10028F04B /* IntervalData.h */,
				0AAB32C1156F18F10028F04B /* IntervalData.m */,
				0AAB32C2156F18F10028F04B /* IntervalDuration.h */,
				0AAB32C3156F18F10028F04B /* IntervalDuration.m */,
				0AAB32C4156F18F10028F04B /* Shutter.h */,
				0AAB32C5156F18F10028F04B /* Shutter.m */,
			);
			path = model;
			sourceTree = "<group>";
		};
		0AAB32C6156F18F10028F04B /* storyboard */ = {
			isa = PBXGroup;
			children = (
				0AAB32C7156F18F10028F04B /* Trigger_Happy-iPad.storyboard */,
				0AAB32C8156F18F10028F04B /* Trigger_Happy-iPhoneFamily.storyboard */,
			);
			path = storyboard;
			sourceTree = "<group>";
		};
		0AAB32C9156F18F10028F04B /* viewController */ = {
			isa = PBXGroup;
			children = (
				0ADDC48615A63A69003996E6 /* info */,
				0AAB32CA156F18F10028F04B /* IDataAccessViewController.h */,
				0AAB32CB156F18F10028F04B /* IDataAccessViewController.m */,
				0AAB32CC156F18F10028F04B /* IntervalometerCountDownViewController.h */,
				0AAB32CD156F18F10028F04B /* IntervalometerCountDownViewController.m */,
				0AAB32CE156F18F10028F04B /* IntervalometerViewController.h */,
				0AAB32CF156F18F10028F04B /* IntervalometerViewController.m */,
				0AAB32D0156F18F10028F04B /* AboutViewController.h */,
				0AAB32D1156F18F10028F04B /* AboutViewController.m */,
				0AAB32D2156F18F10028F04B /* pickerViewControllers */,
				0AAB32F1156F18F10028F04B /* SingleShotViewController.h */,
				0AAB32F2156F18F10028F04B /* SingleShotViewController.m */,
			);
			path = viewController;
			sourceTree = "<group>";
		};
		0AAB32D2156F18F10028F04B /* pickerViewControllers */ = {
			isa = PBXGroup;
			children = (
				0AAB32D3156F18F10028F04B /* duration */,
				0AAB32D6156F18F10028F04B /* interval */,
				0AAB32D9156F18F10028F04B /* ITimeSelectorViewController.h */,
				0AAB32DA156F18F10028F04B /* ITimeSelectorViewController.m */,
				0AAB32DB156F18F10028F04B /* shutter */,
			);
			path = pickerViewControllers;
			sourceTree = "<group>";
		};
		0AAB32D3156F18F10028F04B /* duration */ = {
			isa = PBXGroup;
			children = (
				0AAB32D4156F18F10028F04B /* DurationViewController.h */,
				0AAB32D5156F18F10028F04B /* DurationViewController.m */,
			);
			path = duration;
			sourceTree = "<group>";
		};
		0AAB32D6156F18F10028F04B /* interval */ = {
			isa = PBXGroup;
			children = (
				0AAB32D7156F18F10028F04B /* IntervalSelectorViewController.h */,
				0AAB32D8156F18F10028F04B /* IntervalSelectorViewController.m */,
			);
			path = interval;
			sourceTree = "<group>";
		};
		0AAB32DB156F18F10028F04B /* shutter */ = {
			isa = PBXGroup;
			children = (
				0AAB32DC156F18F10028F04B /* bramping */,
				0AAB32E3156F18F10028F04B /* hdr */,
				0AAB32EC156F18F10028F04B /* IShutterSelectorViewController.h */,
				0AAB32ED156F18F10028F04B /* IShutterSelectorViewController.m */,
				0AAB32EE156F18F10028F04B /* normal */,
			);
			path = shutter;
			sourceTree = "<group>";
		};
		0AAB32DC156F18F10028F04B /* bramping */ = {
			isa = PBXGroup;
			children = (
				0AAB32DD156F18F10028F04B /* BrampingStartShutterSelectorViewController.h */,
				0AAB32DE156F18F10028F04B /* BrampingStartShutterSelectorViewController.m */,
				0AAB32DF156F18F10028F04B /* BrampingStopShutterSelectorViewController.h */,
				0AAB32E0156F18F10028F04B /* BrampingStopShutterSelectorViewController.m */,
				0AAB32E1156F18F10028F04B /* BrampingViewController.h */,
				0AAB32E2156F18F10028F04B /* BrampingViewController.m */,
			);
			path = bramping;
			sourceTree = "<group>";
		};
		0AAB32E3156F18F10028F04B /* hdr */ = {
			isa = PBXGroup;
			children = (
				0AAB32E4156F18F10028F04B /* HDREVViewController.h */,
				0AAB32E5156F18F10028F04B /* HDREVViewController.m */,
				0AAB32E6156F18F10028F04B /* HDRShotsViewController.h */,
				0AAB32E7156F18F10028F04B /* HDRShotsViewController.m */,
				0AAB32E8156F18F10028F04B /* HDRShutterSelectorViewController.h */,
				0AAB32E9156F18F10028F04B /* HDRShutterSelectorViewController.m */,
				0AAB32EA156F18F10028F04B /* HDRViewController.h */,
				0AAB32EB156F18F10028F04B /* HDRViewController.m */,
			);
			path = hdr;
			sourceTree = "<group>";
		};
		0AAB32EE156F18F10028F04B /* normal */ = {
			isa = PBXGroup;
			children = (
				0AAB32EF156F18F10028F04B /* ShutterSelectorViewController.h */,
				0AAB32F0156F18F10028F04B /* ShutterSelectorViewController.m */,
			);
			path = normal;
			sourceTree = "<group>";
		};
		0AAB32F3156F18F10028F04B /* supportingFiles */ = {
			isa = PBXGroup;
			children = (
				0AAB32F4156F18F10028F04B /* InfoPlist.strings */,
				0AAB32F5156F18F10028F04B /* Trigger Happy-Info.plist */,
				0AAB32F6156F18F10028F04B /* Trigger Happy-Prefix.pch */,
			);
			path = supportingFiles;
			sourceTree = SOURCE_ROOT;
		};
		0ADDC47D15A62959003996E6 /* info */ = {
			isa = PBXGroup;
			children = (
				0ADDC47E15A62959003996E6 /* info.png */,
			);
			path = info;
			sourceTree = "<group>";
		};
		0ADDC48615A63A69003996E6 /* info */ = {
			isa = PBXGroup;
			children = (
				0ADDC48715A63A8C003996E6 /* InfoViewController.h */,
				0ADDC48815A63A8C003996E6 /* InfoViewController.m */,
			);
			name = info;
			sourceTree = "<group>";
		};
/* End PBXGroup section */

/* Begin PBXNativeTarget section */
		0A47D337149F046A008D728A /* Trigger Happy */ = {
			isa = PBXNativeTarget;
			buildConfigurationList = 0A47D376149F046B008D728A /* Build configuration list for PBXNativeTarget "Trigger Happy" */;
			buildPhases = (
				0A47D334149F046A008D728A /* Sources */,
				0A47D335149F046A008D728A /* Frameworks */,
				0A47D336149F046A008D728A /* Resources */,
			);
			buildRules = (
			);
			dependencies = (
			);
			name = "Trigger Happy";
			productName = "camera-remote";
			productReference = 0A47D338149F046A008D728A /* Trigger Happy.app */;
			productType = "com.apple.product-type.application";
		};
/* End PBXNativeTarget section */

/* Begin PBXProject section */
		0A47D32F149F046A008D728A /* Project object */ = {
			isa = PBXProject;
			attributes = {
				LastUpgradeCheck = 0430;
			};
			buildConfigurationList = 0A47D332149F046A008D728A /* Build configuration list for PBXProject "Trigger Happy" */;
			compatibilityVersion = "Xcode 3.2";
			developmentRegion = English;
			hasScannedForEncodings = 0;
			knownRegions = (
				en,
			);
			mainGroup = 0A47D32D149F046A008D728A;
			productRefGroup = 0A47D339149F046A008D728A /* Products */;
			projectDirPath = "";
			projectRoot = "";
			targets = (
				0A47D337149F046A008D728A /* Trigger Happy */,
			);
		};
/* End PBXProject section */

/* Begin PBXResourcesBuildPhase section */
		0A47D336149F046A008D728A /* Resources */ = {
			isa = PBXResourcesBuildPhase;
			buildActionMask = 2147483647;
			files = (
				0AAB335D156F18F20028F04B /* 20kHz_033ms.wav in Resources */,
				0AAB335E156F18F20028F04B /* 20kHz_067ms.wav in Resources */,
				0AAB335F156F18F20028F04B /* 20kHz_100ms.wav in Resources */,
				0AAB3360156F18F20028F04B /* 20kHz_125ms.wav in Resources */,
				0AAB3361156F18F20028F04B /* 20kHz_1s.wav in Resources */,
				0AAB3362156F18F20028F04B /* 20kHz_250ms.wav in Resources */,
				0AAB3363156F18F20028F04B /* 20kHz_500ms.wav in Resources */,
				0AAB3364156F18F20028F04B /* 100kHz_100ms.wav in Resources */,
				0AAB3365156F18F20028F04B /* 20kHz_plus_1kHz_033ms.wav in Resources */,
				0AAB3366156F18F20028F04B /* 20kHz_plus_1kHz_067ms.wav in Resources */,
				0AAB3367156F18F20028F04B /* 20kHz_plus_1kHz_100ms.wav in Resources */,
				0AAB3368156F18F20028F04B /* 20kHz_plus_1kHz_125ms.wav in Resources */,
				0AAB3369156F18F20028F04B /* 20kHz_plus_1kHz_1s.wav in Resources */,
				0AAB336A156F18F20028F04B /* 20kHz_plus_1kHz_250ms.wav in Resources */,
				0AAB336B156F18F20028F04B /* 20kHz_plus_1kHz_500ms.wav in Resources */,
				0AAB3379156F18F20028F04B /* Trigger_Happy-iPad.storyboard in Resources */,
				0AAB337A156F18F20028F04B /* Trigger_Happy-iPhoneFamily.storyboard in Resources */,
				0AAB338C156F18F20028F04B /* InfoPlist.strings in Resources */,
				0A01660615700EE2000D4E28 /* icon-appstore-512x512.png in Resources */,
				0A01660715700EE2000D4E28 /* Icon.png in Resources */,
				0A01660815700EE2000D4E28 /* Icon@2x.png in Resources */,
				0A01660915700EE2000D4E28 /* baseShutterButton.png in Resources */,
				0A01660A15700EE2000D4E28 /* bulbRampingButton.png in Resources */,
				0A01660B15700EE2000D4E28 /* buyButton.png in Resources */,
				0A01660C15700EE2000D4E28 /* durationSetterButton.png in Resources */,
				0A01660D15700EE2000D4E28 /* endShutterButton.png in Resources */,
				0A01660E15700EE2000D4E28 /* exposureIntervalButton.png in Resources */,
				0A01660F15700EE2000D4E28 /* fireButton.png in Resources */,
				0A01661015700EE2000D4E28 /* greenButton.png in Resources */,
				0A01661115700EE2000D4E28 /* hdrButton.png in Resources */,
				0A01661215700EE2000D4E28 /* intervalSetterButton.png in Resources */,
				0A01661415700EE2000D4E28 /* numberOfShotsButton.png in Resources */,
				0A01661515700EE2000D4E28 /* redButton.png in Resources */,
				0A01661615700EE2000D4E28 /* shutterLengthButton.png in Resources */,
				0A01661715700EE2000D4E28 /* startShutterButton.png in Resources */,
				0A01661A15700EE2000D4E28 /* circle.png in Resources */,
				0A01661B15700EE2000D4E28 /* circle@2x.png in Resources */,
				0A01661C15700EE2000D4E28 /* infoIcon.png in Resources */,
				0A01661D15700EE2000D4E28 /* infoIcon@2x.png in Resources */,
				0A01661E15700EE2000D4E28 /* timeLapseIcon.png in Resources */,
				0A01661F15700EE2000D4E28 /* timeLapseIcon@2x.png in Resources */,
				0A01662015700EE2000D4E28 /* aboutViewController.png in Resources */,
				0A01662115700EE2000D4E28 /* HDRViewController.png in Resources */,
				0A01662215700EE2000D4E28 /* intervalometerCountdownViewController.jpg in Resources */,
				0A01662315700EE2000D4E28 /* intervalometerViewController.png in Resources */,
				0A01662915700EE2000D4E28 /* warning.png in Resources */,
				0A01662B15700FC4000D4E28 /* learnMoreButton.png in Resources */,
				0A01662F15701054000D4E28 /* lightMeter0.png in Resources */,
				0A01663015701054000D4E28 /* lightMeterTick.png in Resources */,
				0ABD738C157EC5B300A25B14 /* blank_test_1s.wav in Resources */,
				0AEA9AD415902A320018C7D4 /* Default.png in Resources */,
				0AEA9AD515902A320018C7D4 /* Default@2x.png in Resources */,
				0ADDC48015A62959003996E6 /* info.png in Resources */,
			);
			runOnlyForDeploymentPostprocessing = 0;
		};
/* End PBXResourcesBuildPhase section */

/* Begin PBXSourcesBuildPhase section */
		0A47D334149F046A008D728A /* Sources */ = {
			isa = PBXSourcesBuildPhase;
			buildActionMask = 2147483647;
			files = (
				0AAB336C156F18F20028F04B /* AppDelegate.m in Sources */,
				0AAB336D156F18F20028F04B /* main.m in Sources */,
				0AAB336E156F18F20028F04B /* AudioOutputCameraController.m in Sources */,
				0AAB336F156F18F20028F04B /* BluetoothCameraController.m in Sources */,
				0AAB3370156F18F20028F04B /* ICameraController.m in Sources */,
				0AAB3371156F18F20028F04B /* Time.m in Sources */,
				0AAB3372156F18F20028F04B /* Bramper.m in Sources */,
				0AAB3373156F18F20028F04B /* HDR.m in Sources */,
				0AAB3374156F18F20028F04B /* IIntervalometer.m in Sources */,
				0AAB3375156F18F20028F04B /* Interval.m in Sources */,
				0AAB3376156F18F20028F04B /* IntervalData.m in Sources */,
				0AAB3377156F18F20028F04B /* IntervalDuration.m in Sources */,
				0AAB3378156F18F20028F04B /* Shutter.m in Sources */,
				0AAB337B156F18F20028F04B /* IDataAccessViewController.m in Sources */,
				0AAB337C156F18F20028F04B /* IntervalometerCountDownViewController.m in Sources */,
				0AAB337D156F18F20028F04B /* IntervalometerViewController.m in Sources */,
				0AAB337E156F18F20028F04B /* AboutViewController.m in Sources */,
				0AAB337F156F18F20028F04B /* DurationViewController.m in Sources */,
				0AAB3380156F18F20028F04B /* IntervalSelectorViewController.m in Sources */,
				0AAB3381156F18F20028F04B /* ITimeSelectorViewController.m in Sources */,
				0AAB3382156F18F20028F04B /* BrampingStartShutterSelectorViewController.m in Sources */,
				0AAB3383156F18F20028F04B /* BrampingStopShutterSelectorViewController.m in Sources */,
				0AAB3384156F18F20028F04B /* BrampingViewController.m in Sources */,
				0AAB3385156F18F20028F04B /* HDREVViewController.m in Sources */,
				0AAB3386156F18F20028F04B /* HDRShotsViewController.m in Sources */,
				0AAB3387156F18F20028F04B /* HDRShutterSelectorViewController.m in Sources */,
				0AAB3388156F18F20028F04B /* HDRViewController.m in Sources */,
				0AAB3389156F18F20028F04B /* IShutterSelectorViewController.m in Sources */,
				0AAB338A156F18F20028F04B /* ShutterSelectorViewController.m in Sources */,
				0AAB338B156F18F20028F04B /* SingleShotViewController.m in Sources */,
				0ADDC48915A63A8C003996E6 /* InfoViewController.m in Sources */,
			);
			runOnlyForDeploymentPostprocessing = 0;
		};
/* End PBXSourcesBuildPhase section */

/* Begin XCBuildConfiguration section */
		0A47D374149F046B008D728A /* Debug */ = {
			isa = XCBuildConfiguration;
			buildSettings = {
				ALWAYS_SEARCH_USER_PATHS = NO;
				ARCHS = "$(ARCHS_STANDARD_32_BIT)";
				CLANG_ENABLE_OBJC_ARC = YES;
				CODE_SIGN_IDENTITY = "iPhone Distribution";
				"CODE_SIGN_IDENTITY[sdk=iphoneos*]" = "iPhone Distribution";
				COPY_PHASE_STRIP = NO;
				GCC_C_LANGUAGE_STANDARD = gnu99;
				GCC_DYNAMIC_NO_PIC = NO;
				GCC_OPTIMIZATION_LEVEL = 0;
				GCC_PREPROCESSOR_DEFINITIONS = (
					"DEBUG=1",
					"$(inherited)",
				);
				GCC_SYMBOLS_PRIVATE_EXTERN = NO;
				GCC_VERSION = com.apple.compilers.llvm.clang.1_0;
				GCC_WARN_ABOUT_MISSING_PROTOTYPES = YES;
				GCC_WARN_ABOUT_RETURN_TYPE = YES;
				GCC_WARN_UNUSED_VARIABLE = YES;
				IPHONEOS_DEPLOYMENT_TARGET = 5.0;
				PROVISIONING_PROFILE = "";
				"PROVISIONING_PROFILE[sdk=iphoneos*]" = "";
				SDKROOT = iphoneos;
			};
			name = Debug;
		};
		0A47D375149F046B008D728A /* Release */ = {
			isa = XCBuildConfiguration;
			buildSettings = {
				ALWAYS_SEARCH_USER_PATHS = NO;
				ARCHS = "$(ARCHS_STANDARD_32_BIT)";
				CLANG_ENABLE_OBJC_ARC = YES;
				CODE_SIGN_IDENTITY = "iPhone Distribution";
				"CODE_SIGN_IDENTITY[sdk=iphoneos*]" = "iPhone Distribution";
				COPY_PHASE_STRIP = YES;
				GCC_C_LANGUAGE_STANDARD = gnu99;
				GCC_VERSION = com.apple.compilers.llvm.clang.1_0;
				GCC_WARN_ABOUT_MISSING_PROTOTYPES = YES;
				GCC_WARN_ABOUT_RETURN_TYPE = YES;
				GCC_WARN_UNUSED_VARIABLE = YES;
				IPHONEOS_DEPLOYMENT_TARGET = 5.0;
				OTHER_CFLAGS = "-DNS_BLOCK_ASSERTIONS=1";
				PROVISIONING_PROFILE = "";
				"PROVISIONING_PROFILE[sdk=iphoneos*]" = "";
				SDKROOT = iphoneos;
				VALIDATE_PRODUCT = YES;
			};
			name = Release;
		};
		0A47D377149F046B008D728A /* Debug */ = {
			isa = XCBuildConfiguration;
			buildSettings = {
				CODE_SIGN_IDENTITY = "iPhone Developer";
				"CODE_SIGN_IDENTITY[sdk=iphoneos*]" = "iPhone Developer";
				GCC_PRECOMPILE_PREFIX_HEADER = YES;
				GCC_PREFIX_HEADER = "supportingFiles/Trigger Happy-Prefix.pch";
				INFOPLIST_FILE = "supportingFiles/Trigger Happy-Info.plist";
				IPHONEOS_DEPLOYMENT_TARGET = 5.0;
				ONLY_ACTIVE_ARCH = NO;
				PRODUCT_NAME = "Trigger Happy";
				PROVISIONING_PROFILE = "";
				"PROVISIONING_PROFILE[sdk=iphoneos*]" = "";
				TARGETED_DEVICE_FAMILY = 1;
				WRAPPER_EXTENSION = app;
			};
			name = Debug;
		};
		0A47D378149F046B008D728A /* Release */ = {
			isa = XCBuildConfiguration;
			buildSettings = {
				CODE_SIGN_IDENTITY = "iPhone Developer";
				"CODE_SIGN_IDENTITY[sdk=iphoneos*]" = "iPhone Developer";
				GCC_PRECOMPILE_PREFIX_HEADER = YES;
				GCC_PREFIX_HEADER = "supportingFiles/Trigger Happy-Prefix.pch";
				INFOPLIST_FILE = "supportingFiles/Trigger Happy-Info.plist";
				IPHONEOS_DEPLOYMENT_TARGET = 5.0;
				ONLY_ACTIVE_ARCH = NO;
				PRODUCT_NAME = "Trigger Happy";
				PROVISIONING_PROFILE = "";
				"PROVISIONING_PROFILE[sdk=iphoneos*]" = "";
				TARGETED_DEVICE_FAMILY = 1;
				WRAPPER_EXTENSION = app;
			};
			name = Release;
		};
/* End XCBuildConfiguration section */

/* Begin XCConfigurationList section */
		0A47D332149F046A008D728A /* Build configuration list for PBXProject "Trigger Happy" */ = {
			isa = XCConfigurationList;
			buildConfigurations = (
				0A47D374149F046B008D728A /* Debug */,
				0A47D375149F046B008D728A /* Release */,
			);
			defaultConfigurationIsVisible = 0;
			defaultConfigurationName = Release;
		};
		0A47D376149F046B008D728A /* Build configuration list for PBXNativeTarget "Trigger Happy" */ = {
			isa = XCConfigurationList;
			buildConfigurations = (
				0A47D377149F046B008D728A /* Debug */,
				0A47D378149F046B008D728A /* Release */,
			);
			defaultConfigurationIsVisible = 0;
			defaultConfigurationName = Release;
		};
/* End XCConfigurationList section */
	};
	rootObject = 0A47D32F149F046A008D728A /* Project object */;
}
